// !$*UTF8*$!
{
	archiveVersion = 1;
	classes = {
	};
	objectVersion = 46;
	objects = {

/* Begin PBXBuildFile section */
		C51E420C1F698E9B009C8ED5 /* NSImage+Mongosquare.swift in Sources */ = {isa = PBXBuildFile; fileRef = C51E420B1F698E9B009C8ED5 /* NSImage+Mongosquare.swift */; };
		C5233C781F7A56B400B32B16 /* MMAttachedTabBarButton.m in Sources */ = {isa = PBXBuildFile; fileRef = C5233C031F7A566B00B32B16 /* MMAttachedTabBarButton.m */; settings = {COMPILER_FLAGS = "-fno-objc-arc"; }; };
		C5233C791F7A56B400B32B16 /* MMAttachedTabBarButtonCell.m in Sources */ = {isa = PBXBuildFile; fileRef = C5233C051F7A566B00B32B16 /* MMAttachedTabBarButtonCell.m */; settings = {COMPILER_FLAGS = "-fno-objc-arc"; }; };
		C5233C7A1F7A56B400B32B16 /* MMOverflowPopUpButton.m in Sources */ = {isa = PBXBuildFile; fileRef = C5233C071F7A566B00B32B16 /* MMOverflowPopUpButton.m */; settings = {COMPILER_FLAGS = "-fno-objc-arc"; }; };
		C5233C7B1F7A56B400B32B16 /* MMOverflowPopUpButtonCell.m in Sources */ = {isa = PBXBuildFile; fileRef = C5233C091F7A566B00B32B16 /* MMOverflowPopUpButtonCell.m */; settings = {COMPILER_FLAGS = "-fno-objc-arc"; }; };
		C5233C7C1F7A56B400B32B16 /* MMProgressIndicator.m in Sources */ = {isa = PBXBuildFile; fileRef = C5233C0B1F7A566B00B32B16 /* MMProgressIndicator.m */; settings = {COMPILER_FLAGS = "-fno-objc-arc"; }; };
		C5233C7D1F7A56B400B32B16 /* MMRolloverButton.m in Sources */ = {isa = PBXBuildFile; fileRef = C5233C0D1F7A566B00B32B16 /* MMRolloverButton.m */; settings = {COMPILER_FLAGS = "-fno-objc-arc"; }; };
		C5233C7E1F7A56B400B32B16 /* MMRolloverButtonCell.m in Sources */ = {isa = PBXBuildFile; fileRef = C5233C0F1F7A566B00B32B16 /* MMRolloverButtonCell.m */; settings = {COMPILER_FLAGS = "-fno-objc-arc"; }; };
		C5233C7F1F7A56B400B32B16 /* MMSlideButtonsAnimation.m in Sources */ = {isa = PBXBuildFile; fileRef = C5233C111F7A566B00B32B16 /* MMSlideButtonsAnimation.m */; settings = {COMPILER_FLAGS = "-fno-objc-arc"; }; };
		C5233C801F7A56B400B32B16 /* MMTabBarButton.m in Sources */ = {isa = PBXBuildFile; fileRef = C5233C131F7A566B00B32B16 /* MMTabBarButton.m */; settings = {COMPILER_FLAGS = "-fno-objc-arc"; }; };
		C5233C811F7A56B400B32B16 /* MMTabBarButtonCell.m in Sources */ = {isa = PBXBuildFile; fileRef = C5233C151F7A566B00B32B16 /* MMTabBarButtonCell.m */; settings = {COMPILER_FLAGS = "-fno-objc-arc"; }; };
		C5233C821F7A56B400B32B16 /* MMTabBarController.m in Sources */ = {isa = PBXBuildFile; fileRef = C5233C171F7A566B00B32B16 /* MMTabBarController.m */; settings = {COMPILER_FLAGS = "-fno-objc-arc"; }; };
		C5233C831F7A56B400B32B16 /* MMTabBarView.m in Sources */ = {isa = PBXBuildFile; fileRef = C5233C1C1F7A566B00B32B16 /* MMTabBarView.m */; settings = {COMPILER_FLAGS = "-fno-objc-arc"; }; };
		C5233C841F7A56B400B32B16 /* MMTabDragAssistant.m in Sources */ = {isa = PBXBuildFile; fileRef = C5233C1E1F7A566B00B32B16 /* MMTabDragAssistant.m */; settings = {COMPILER_FLAGS = "-fno-objc-arc"; }; };
		C5233C851F7A56B400B32B16 /* MMTabDragView.m in Sources */ = {isa = PBXBuildFile; fileRef = C5233C201F7A566B00B32B16 /* MMTabDragView.m */; settings = {COMPILER_FLAGS = "-fno-objc-arc"; }; };
		C5233C861F7A56B400B32B16 /* MMTabDragWindow.m in Sources */ = {isa = PBXBuildFile; fileRef = C5233C221F7A566B00B32B16 /* MMTabDragWindow.m */; settings = {COMPILER_FLAGS = "-fno-objc-arc"; }; };
		C5233C871F7A56B400B32B16 /* MMTabDragWindowController.m in Sources */ = {isa = PBXBuildFile; fileRef = C5233C241F7A566B00B32B16 /* MMTabDragWindowController.m */; settings = {COMPILER_FLAGS = "-fno-objc-arc"; }; };
		C5233C881F7A56B400B32B16 /* MMTabPasteboardItem.m in Sources */ = {isa = PBXBuildFile; fileRef = C5233C261F7A566B00B32B16 /* MMTabPasteboardItem.m */; settings = {COMPILER_FLAGS = "-fno-objc-arc"; }; };
		C5233C891F7A56B400B32B16 /* NSAffineTransform+MMTabBarViewExtensions.m in Sources */ = {isa = PBXBuildFile; fileRef = C5233C291F7A566B00B32B16 /* NSAffineTransform+MMTabBarViewExtensions.m */; settings = {COMPILER_FLAGS = "-fno-objc-arc"; }; };
		C5233C8A1F7A56B400B32B16 /* NSBezierPath+MMTabBarViewExtensions.m in Sources */ = {isa = PBXBuildFile; fileRef = C5233C2B1F7A566B00B32B16 /* NSBezierPath+MMTabBarViewExtensions.m */; settings = {COMPILER_FLAGS = "-fno-objc-arc"; }; };
		C5233C8B1F7A56B400B32B16 /* NSCell+MMTabBarViewExtensions.m in Sources */ = {isa = PBXBuildFile; fileRef = C5233C2D1F7A566B00B32B16 /* NSCell+MMTabBarViewExtensions.m */; settings = {COMPILER_FLAGS = "-fno-objc-arc"; }; };
		C5233C8C1F7A56B400B32B16 /* NSString+MMTabBarViewExtensions.m in Sources */ = {isa = PBXBuildFile; fileRef = C5233C2F1F7A566B00B32B16 /* NSString+MMTabBarViewExtensions.m */; settings = {COMPILER_FLAGS = "-fno-objc-arc"; }; };
		C5233C8D1F7A56B400B32B16 /* NSTabViewItem+MMTabBarViewExtensions.m in Sources */ = {isa = PBXBuildFile; fileRef = C5233C311F7A566B00B32B16 /* NSTabViewItem+MMTabBarViewExtensions.m */; settings = {COMPILER_FLAGS = "-fno-objc-arc"; }; };
		C5233C8E1F7A56B400B32B16 /* NSView+MMTabBarViewExtensions.m in Sources */ = {isa = PBXBuildFile; fileRef = C5233C331F7A566B00B32B16 /* NSView+MMTabBarViewExtensions.m */; settings = {COMPILER_FLAGS = "-fno-objc-arc"; }; };
		C5233C8F1F7A56B400B32B16 /* MMAdiumTabStyle.m in Sources */ = {isa = PBXBuildFile; fileRef = C5233C361F7A566B00B32B16 /* MMAdiumTabStyle.m */; settings = {COMPILER_FLAGS = "-fno-objc-arc"; }; };
		C5233C901F7A56B400B32B16 /* MMAquaTabStyle.m in Sources */ = {isa = PBXBuildFile; fileRef = C5233C381F7A566B00B32B16 /* MMAquaTabStyle.m */; settings = {COMPILER_FLAGS = "-fno-objc-arc"; }; };
		C5233C911F7A56B400B32B16 /* MMCardTabStyle.m in Sources */ = {isa = PBXBuildFile; fileRef = C5233C3A1F7A566B00B32B16 /* MMCardTabStyle.m */; settings = {COMPILER_FLAGS = "-fno-objc-arc"; }; };
		C5233C921F7A56B400B32B16 /* MMLiveChatTabStyle.m in Sources */ = {isa = PBXBuildFile; fileRef = C5233C3C1F7A566B00B32B16 /* MMLiveChatTabStyle.m */; settings = {COMPILER_FLAGS = "-fno-objc-arc"; }; };
		C5233C931F7A56B400B32B16 /* MMMetalTabStyle.m in Sources */ = {isa = PBXBuildFile; fileRef = C5233C3E1F7A566B00B32B16 /* MMMetalTabStyle.m */; settings = {COMPILER_FLAGS = "-fno-objc-arc"; }; };
		C5233C941F7A56B400B32B16 /* MMUnifiedTabStyle.m in Sources */ = {isa = PBXBuildFile; fileRef = C5233C401F7A566B00B32B16 /* MMUnifiedTabStyle.m */; settings = {COMPILER_FLAGS = "-fno-objc-arc"; }; };
		C5233C951F7A56B400B32B16 /* MMYosemiteTabStyle.m in Sources */ = {isa = PBXBuildFile; fileRef = C5233C421F7A566B00B32B16 /* MMYosemiteTabStyle.m */; settings = {COMPILER_FLAGS = "-fno-objc-arc"; }; };
		C5233C961F7A56B400B32B16 /* MMSafariTabStyle.m in Sources */ = {isa = PBXBuildFile; fileRef = C5233C771F7A566B00B32B16 /* MMSafariTabStyle.m */; settings = {COMPILER_FLAGS = "-fno-objc-arc"; }; };
		C5233C971F7A5A1500B32B16 /* AdiumGradient.png in Resources */ = {isa = PBXBuildFile; fileRef = C5233BD01F7A566B00B32B16 /* AdiumGradient.png */; };
		C5233C981F7A5A1500B32B16 /* AquaTabClose_Front.png in Resources */ = {isa = PBXBuildFile; fileRef = C5233BD11F7A566B00B32B16 /* AquaTabClose_Front.png */; };
		C5233C991F7A5A1500B32B16 /* AquaTabClose_Front@2x.png in Resources */ = {isa = PBXBuildFile; fileRef = C5233BD21F7A566B00B32B16 /* AquaTabClose_Front@2x.png */; };
		C5233C9A1F7A5A1500B32B16 /* AquaTabClose_Front_Pressed.png in Resources */ = {isa = PBXBuildFile; fileRef = C5233BD31F7A566B00B32B16 /* AquaTabClose_Front_Pressed.png */; };
		C5233C9B1F7A5A1500B32B16 /* AquaTabClose_Front_Pressed@2x.png in Resources */ = {isa = PBXBuildFile; fileRef = C5233BD41F7A566B00B32B16 /* AquaTabClose_Front_Pressed@2x.png */; };
		C5233C9C1F7A5A1500B32B16 /* AquaTabClose_Front_Rollover.png in Resources */ = {isa = PBXBuildFile; fileRef = C5233BD51F7A566B00B32B16 /* AquaTabClose_Front_Rollover.png */; };
		C5233C9D1F7A5A1500B32B16 /* AquaTabClose_Front_Rollover@2x.png in Resources */ = {isa = PBXBuildFile; fileRef = C5233BD61F7A566B00B32B16 /* AquaTabClose_Front_Rollover@2x.png */; };
		C5233C9E1F7A5A1500B32B16 /* AquaTabCloseDirty_Front.png in Resources */ = {isa = PBXBuildFile; fileRef = C5233BD71F7A566B00B32B16 /* AquaTabCloseDirty_Front.png */; };
		C5233C9F1F7A5A1500B32B16 /* AquaTabCloseDirty_Front_Pressed.png in Resources */ = {isa = PBXBuildFile; fileRef = C5233BD81F7A566B00B32B16 /* AquaTabCloseDirty_Front_Pressed.png */; };
		C5233CA01F7A5A1500B32B16 /* AquaTabCloseDirty_Front_Rollover.png in Resources */ = {isa = PBXBuildFile; fileRef = C5233BD91F7A566B00B32B16 /* AquaTabCloseDirty_Front_Rollover.png */; };
		C5233CA11F7A5A1500B32B16 /* AquaTabNew.png in Resources */ = {isa = PBXBuildFile; fileRef = C5233BDA1F7A566B00B32B16 /* AquaTabNew.png */; };
		C5233CA21F7A5A1500B32B16 /* AquaTabNew@2x.png in Resources */ = {isa = PBXBuildFile; fileRef = C5233BDB1F7A566B00B32B16 /* AquaTabNew@2x.png */; };
		C5233CA31F7A5A1500B32B16 /* AquaTabNewPressed.png in Resources */ = {isa = PBXBuildFile; fileRef = C5233BDC1F7A566B00B32B16 /* AquaTabNewPressed.png */; };
		C5233CA41F7A5A1500B32B16 /* AquaTabNewPressed@2x.png in Resources */ = {isa = PBXBuildFile; fileRef = C5233BDD1F7A566B00B32B16 /* AquaTabNewPressed@2x.png */; };
		C5233CA51F7A5A1500B32B16 /* AquaTabNewRollover.png in Resources */ = {isa = PBXBuildFile; fileRef = C5233BDE1F7A566B00B32B16 /* AquaTabNewRollover.png */; };
		C5233CA61F7A5A1500B32B16 /* AquaTabNewRollover@2x.png in Resources */ = {isa = PBXBuildFile; fileRef = C5233BDF1F7A566B00B32B16 /* AquaTabNewRollover@2x.png */; };
		C5233CA71F7A5A1500B32B16 /* AquaTabsBackground.png in Resources */ = {isa = PBXBuildFile; fileRef = C5233BE01F7A566B00B32B16 /* AquaTabsBackground.png */; };
		C5233CA81F7A5A1500B32B16 /* AquaTabsDown.png in Resources */ = {isa = PBXBuildFile; fileRef = C5233BE11F7A566B00B32B16 /* AquaTabsDown.png */; };
		C5233CA91F7A5A1500B32B16 /* AquaTabsDownGraphite.png in Resources */ = {isa = PBXBuildFile; fileRef = C5233BE21F7A566B00B32B16 /* AquaTabsDownGraphite.png */; };
		C5233CAA1F7A5A1500B32B16 /* AquaTabsDownNonKey.png in Resources */ = {isa = PBXBuildFile; fileRef = C5233BE31F7A566B00B32B16 /* AquaTabsDownNonKey.png */; };
		C5233CAB1F7A5A1500B32B16 /* AquaTabsSeparator.png in Resources */ = {isa = PBXBuildFile; fileRef = C5233BE41F7A566B00B32B16 /* AquaTabsSeparator.png */; };
		C5233CAC1F7A5A1500B32B16 /* AquaTabsSeparatorDown.png in Resources */ = {isa = PBXBuildFile; fileRef = C5233BE51F7A566B00B32B16 /* AquaTabsSeparatorDown.png */; };
		C5233CAD1F7A5A1500B32B16 /* overflowImage.png in Resources */ = {isa = PBXBuildFile; fileRef = C5233BE61F7A566B00B32B16 /* overflowImage.png */; };
		C5233CAE1F7A5A1500B32B16 /* overflowImage@2x.png in Resources */ = {isa = PBXBuildFile; fileRef = C5233BE71F7A566B00B32B16 /* overflowImage@2x.png */; };
		C5233CAF1F7A5A1500B32B16 /* overflowImagePressed.png in Resources */ = {isa = PBXBuildFile; fileRef = C5233BE81F7A566B00B32B16 /* overflowImagePressed.png */; };
		C5233CB01F7A5A1500B32B16 /* overflowImagePressed@2x.png in Resources */ = {isa = PBXBuildFile; fileRef = C5233BE91F7A566B00B32B16 /* overflowImagePressed@2x.png */; };
		C5233CB11F7A5A1500B32B16 /* pi.png in Resources */ = {isa = PBXBuildFile; fileRef = C5233BEA1F7A566B00B32B16 /* pi.png */; };
		C5233CB21F7A5A1500B32B16 /* TabClose_Dirty.png in Resources */ = {isa = PBXBuildFile; fileRef = C5233BEB1F7A566B00B32B16 /* TabClose_Dirty.png */; };
		C5233CB31F7A5A1500B32B16 /* TabClose_Dirty@2x.png in Resources */ = {isa = PBXBuildFile; fileRef = C5233BEC1F7A566B00B32B16 /* TabClose_Dirty@2x.png */; };
		C5233CB41F7A5A1500B32B16 /* TabClose_Dirty_Pressed.png in Resources */ = {isa = PBXBuildFile; fileRef = C5233BED1F7A566B00B32B16 /* TabClose_Dirty_Pressed.png */; };
		C5233CB51F7A5A1500B32B16 /* TabClose_Dirty_Pressed@2x.png in Resources */ = {isa = PBXBuildFile; fileRef = C5233BEE1F7A566B00B32B16 /* TabClose_Dirty_Pressed@2x.png */; };
		C5233CB61F7A5A1500B32B16 /* TabClose_Dirty_Rollover.png in Resources */ = {isa = PBXBuildFile; fileRef = C5233BEF1F7A566B00B32B16 /* TabClose_Dirty_Rollover.png */; };
		C5233CB71F7A5A1500B32B16 /* TabClose_Dirty_Rollover@2x.png in Resources */ = {isa = PBXBuildFile; fileRef = C5233BF01F7A566B00B32B16 /* TabClose_Dirty_Rollover@2x.png */; };
		C5233CB81F7A5A1500B32B16 /* TabClose_Front.png in Resources */ = {isa = PBXBuildFile; fileRef = C5233BF11F7A566B00B32B16 /* TabClose_Front.png */; };
		C5233CB91F7A5A1500B32B16 /* TabClose_Front@2x.png in Resources */ = {isa = PBXBuildFile; fileRef = C5233BF21F7A566B00B32B16 /* TabClose_Front@2x.png */; };
		C5233CBA1F7A5A1500B32B16 /* TabClose_Front_Pressed.png in Resources */ = {isa = PBXBuildFile; fileRef = C5233BF31F7A566B00B32B16 /* TabClose_Front_Pressed.png */; };
		C5233CBB1F7A5A1500B32B16 /* TabClose_Front_Pressed@2x.png in Resources */ = {isa = PBXBuildFile; fileRef = C5233BF41F7A566B00B32B16 /* TabClose_Front_Pressed@2x.png */; };
		C5233CBC1F7A5A1500B32B16 /* TabClose_Front_Rollover.png in Resources */ = {isa = PBXBuildFile; fileRef = C5233BF51F7A566B00B32B16 /* TabClose_Front_Rollover.png */; };
		C5233CBD1F7A5A1500B32B16 /* TabClose_Front_Rollover@2x.png in Resources */ = {isa = PBXBuildFile; fileRef = C5233BF61F7A566B00B32B16 /* TabClose_Front_Rollover@2x.png */; };
		C5233CBE1F7A5A1500B32B16 /* TabNewMetal.png in Resources */ = {isa = PBXBuildFile; fileRef = C5233BF71F7A566B00B32B16 /* TabNewMetal.png */; };
		C5233CBF1F7A5A1500B32B16 /* TabNewMetalPressed.png in Resources */ = {isa = PBXBuildFile; fileRef = C5233BF81F7A566B00B32B16 /* TabNewMetalPressed.png */; };
		C5233CC01F7A5A1500B32B16 /* TabNewMetalRollover.png in Resources */ = {isa = PBXBuildFile; fileRef = C5233BF91F7A566B00B32B16 /* TabNewMetalRollover.png */; };
		C5233CC11F7A5A1500B32B16 /* YosemiteTabClose_Front.png in Resources */ = {isa = PBXBuildFile; fileRef = C5233BFA1F7A566B00B32B16 /* YosemiteTabClose_Front.png */; };
		C5233CC21F7A5A1500B32B16 /* YosemiteTabClose_Front@2x.png in Resources */ = {isa = PBXBuildFile; fileRef = C5233BFB1F7A566B00B32B16 /* YosemiteTabClose_Front@2x.png */; };
		C5233CC31F7A5A1500B32B16 /* YosemiteTabClose_Front_Pressed.png in Resources */ = {isa = PBXBuildFile; fileRef = C5233BFC1F7A566B00B32B16 /* YosemiteTabClose_Front_Pressed.png */; };
		C5233CC41F7A5A1500B32B16 /* YosemiteTabClose_Front_Pressed@2x.png in Resources */ = {isa = PBXBuildFile; fileRef = C5233BFD1F7A566B00B32B16 /* YosemiteTabClose_Front_Pressed@2x.png */; };
		C5233CC51F7A5A1500B32B16 /* YosemiteTabClose_Front_Rollover.png in Resources */ = {isa = PBXBuildFile; fileRef = C5233BFE1F7A566B00B32B16 /* YosemiteTabClose_Front_Rollover.png */; };
		C5233CC61F7A5A1500B32B16 /* YosemiteTabClose_Front_Rollover@2x.png in Resources */ = {isa = PBXBuildFile; fileRef = C5233BFF1F7A566B00B32B16 /* YosemiteTabClose_Front_Rollover@2x.png */; };
		C5233CC71F7A5A1500B32B16 /* YosemiteTabNew.png in Resources */ = {isa = PBXBuildFile; fileRef = C5233C001F7A566B00B32B16 /* YosemiteTabNew.png */; };
		C5233CC81F7A5A1500B32B16 /* YosemiteTabNew@2x.png in Resources */ = {isa = PBXBuildFile; fileRef = C5233C011F7A566B00B32B16 /* YosemiteTabNew@2x.png */; };
		C5233CC91F7A5A6200B32B16 /* SafariAWAddTabButton.png in Resources */ = {isa = PBXBuildFile; fileRef = C5233C451F7A566B00B32B16 /* SafariAWAddTabButton.png */; };
		C5233CCA1F7A5A6200B32B16 /* SafariAWAddTabButtonPushed.png in Resources */ = {isa = PBXBuildFile; fileRef = C5233C461F7A566B00B32B16 /* SafariAWAddTabButtonPushed.png */; };
		C5233CCB1F7A5A6200B32B16 /* SafariAWAddTabButtonRolloverPlus.png in Resources */ = {isa = PBXBuildFile; fileRef = C5233C471F7A566B00B32B16 /* SafariAWAddTabButtonRolloverPlus.png */; };
		C5233CCC1F7A5A6200B32B16 /* SafariAWATClose.png in Resources */ = {isa = PBXBuildFile; fileRef = C5233C481F7A566B00B32B16 /* SafariAWATClose.png */; };
		C5233CCD1F7A5A6200B32B16 /* SafariAWATClose@2x.png in Resources */ = {isa = PBXBuildFile; fileRef = C5233C491F7A566B00B32B16 /* SafariAWATClose@2x.png */; };
		C5233CCE1F7A5A6200B32B16 /* SafariAWATClosePressed.png in Resources */ = {isa = PBXBuildFile; fileRef = C5233C4A1F7A566B00B32B16 /* SafariAWATClosePressed.png */; };
		C5233CCF1F7A5A6200B32B16 /* SafariAWATClosePressed@2x.png in Resources */ = {isa = PBXBuildFile; fileRef = C5233C4B1F7A566B00B32B16 /* SafariAWATClosePressed@2x.png */; };
		C5233CD01F7A5A6200B32B16 /* SafariAWATCloseRollover.png in Resources */ = {isa = PBXBuildFile; fileRef = C5233C4C1F7A566B00B32B16 /* SafariAWATCloseRollover.png */; };
		C5233CD11F7A5A6200B32B16 /* SafariAWATCloseRollover@2x.png in Resources */ = {isa = PBXBuildFile; fileRef = C5233C4D1F7A566B00B32B16 /* SafariAWATCloseRollover@2x.png */; };
		C5233CD21F7A5A6200B32B16 /* SafariAWATFill.png in Resources */ = {isa = PBXBuildFile; fileRef = C5233C4E1F7A566B00B32B16 /* SafariAWATFill.png */; };
		C5233CD31F7A5A6200B32B16 /* SafariAWATFill@2x.png in Resources */ = {isa = PBXBuildFile; fileRef = C5233C4F1F7A566B00B32B16 /* SafariAWATFill@2x.png */; };
		C5233CD41F7A5A6200B32B16 /* SafariAWATLeftCap.png in Resources */ = {isa = PBXBuildFile; fileRef = C5233C501F7A566B00B32B16 /* SafariAWATLeftCap.png */; };
		C5233CD51F7A5A6200B32B16 /* SafariAWATLeftCap@2x.png in Resources */ = {isa = PBXBuildFile; fileRef = C5233C511F7A566B00B32B16 /* SafariAWATLeftCap@2x.png */; };
		C5233CD61F7A5A6200B32B16 /* SafariAWATRightCap.png in Resources */ = {isa = PBXBuildFile; fileRef = C5233C521F7A566B00B32B16 /* SafariAWATRightCap.png */; };
		C5233CD71F7A5A6200B32B16 /* SafariAWATRightCap@2x.png in Resources */ = {isa = PBXBuildFile; fileRef = C5233C531F7A566B00B32B16 /* SafariAWATRightCap@2x.png */; };
		C5233CD81F7A5A6200B32B16 /* SafariAWBG.png in Resources */ = {isa = PBXBuildFile; fileRef = C5233C541F7A566B00B32B16 /* SafariAWBG.png */; };
		C5233CD91F7A5A6200B32B16 /* SafariAWITClose.png in Resources */ = {isa = PBXBuildFile; fileRef = C5233C551F7A566B00B32B16 /* SafariAWITClose.png */; };
		C5233CDA1F7A5A6200B32B16 /* SafariAWITClose@2x.png in Resources */ = {isa = PBXBuildFile; fileRef = C5233C561F7A566B00B32B16 /* SafariAWITClose@2x.png */; };
		C5233CDB1F7A5A6200B32B16 /* SafariAWITClosePressed.png in Resources */ = {isa = PBXBuildFile; fileRef = C5233C571F7A566B00B32B16 /* SafariAWITClosePressed.png */; };
		C5233CDC1F7A5A6200B32B16 /* SafariAWITClosePressed@2x.png in Resources */ = {isa = PBXBuildFile; fileRef = C5233C581F7A566B00B32B16 /* SafariAWITClosePressed@2x.png */; };
		C5233CDD1F7A5A6200B32B16 /* SafariAWITCloseRollover.png in Resources */ = {isa = PBXBuildFile; fileRef = C5233C591F7A566B00B32B16 /* SafariAWITCloseRollover.png */; };
		C5233CDE1F7A5A6200B32B16 /* SafariAWITCloseRollover@2x.png in Resources */ = {isa = PBXBuildFile; fileRef = C5233C5A1F7A566B00B32B16 /* SafariAWITCloseRollover@2x.png */; };
		C5233CDF1F7A5A6200B32B16 /* SafariAWITLeftCap.png in Resources */ = {isa = PBXBuildFile; fileRef = C5233C5B1F7A566B00B32B16 /* SafariAWITLeftCap.png */; };
		C5233CE01F7A5A6200B32B16 /* SafariAWITLeftCap@2x.png in Resources */ = {isa = PBXBuildFile; fileRef = C5233C5C1F7A566B00B32B16 /* SafariAWITLeftCap@2x.png */; };
		C5233CE11F7A5A6200B32B16 /* SafariAWITRightCap.png in Resources */ = {isa = PBXBuildFile; fileRef = C5233C5D1F7A566B00B32B16 /* SafariAWITRightCap.png */; };
		C5233CE21F7A5A6200B32B16 /* SafariAWITRightCap@2x.png in Resources */ = {isa = PBXBuildFile; fileRef = C5233C5E1F7A566B00B32B16 /* SafariAWITRightCap@2x.png */; };
		C5233CE31F7A5A6200B32B16 /* SafariIWAddTabButton.png in Resources */ = {isa = PBXBuildFile; fileRef = C5233C5F1F7A566B00B32B16 /* SafariIWAddTabButton.png */; };
		C5233CE41F7A5A6200B32B16 /* SafariIWATClose.png in Resources */ = {isa = PBXBuildFile; fileRef = C5233C601F7A566B00B32B16 /* SafariIWATClose.png */; };
		C5233CE51F7A5A6200B32B16 /* SafariIWATClose@2x.png in Resources */ = {isa = PBXBuildFile; fileRef = C5233C611F7A566B00B32B16 /* SafariIWATClose@2x.png */; };
		C5233CE61F7A5A6200B32B16 /* SafariIWATClosePressed.png in Resources */ = {isa = PBXBuildFile; fileRef = C5233C621F7A566B00B32B16 /* SafariIWATClosePressed.png */; };
		C5233CE71F7A5A6200B32B16 /* SafariIWATClosePressed@2x.png in Resources */ = {isa = PBXBuildFile; fileRef = C5233C631F7A566B00B32B16 /* SafariIWATClosePressed@2x.png */; };
		C5233CE81F7A5A6200B32B16 /* SafariIWATCloseRollover.png in Resources */ = {isa = PBXBuildFile; fileRef = C5233C641F7A566B00B32B16 /* SafariIWATCloseRollover.png */; };
		C5233CE91F7A5A6200B32B16 /* SafariIWATCloseRollover@2x.png in Resources */ = {isa = PBXBuildFile; fileRef = C5233C651F7A566B00B32B16 /* SafariIWATCloseRollover@2x.png */; };
		C5233CEA1F7A5A6200B32B16 /* SafariIWATFill.png in Resources */ = {isa = PBXBuildFile; fileRef = C5233C661F7A566B00B32B16 /* SafariIWATFill.png */; };
		C5233CEB1F7A5A6200B32B16 /* SafariIWATLeftCap.png in Resources */ = {isa = PBXBuildFile; fileRef = C5233C671F7A566B00B32B16 /* SafariIWATLeftCap.png */; };
		C5233CEC1F7A5A6200B32B16 /* SafariIWATLeftCap@2x.png in Resources */ = {isa = PBXBuildFile; fileRef = C5233C681F7A566B00B32B16 /* SafariIWATLeftCap@2x.png */; };
		C5233CED1F7A5A6200B32B16 /* SafariIWATRightCap.png in Resources */ = {isa = PBXBuildFile; fileRef = C5233C691F7A566B00B32B16 /* SafariIWATRightCap.png */; };
		C5233CEE1F7A5A6200B32B16 /* SafariIWATRightCap@2x.png in Resources */ = {isa = PBXBuildFile; fileRef = C5233C6A1F7A566B00B32B16 /* SafariIWATRightCap@2x.png */; };
		C5233CEF1F7A5A6200B32B16 /* SafariIWBG.png in Resources */ = {isa = PBXBuildFile; fileRef = C5233C6B1F7A566B00B32B16 /* SafariIWBG.png */; };
		C5233CF01F7A5A6200B32B16 /* SafariIWITClose.png in Resources */ = {isa = PBXBuildFile; fileRef = C5233C6C1F7A566B00B32B16 /* SafariIWITClose.png */; };
		C5233CF11F7A5A6200B32B16 /* SafariIWITClose@2x.png in Resources */ = {isa = PBXBuildFile; fileRef = C5233C6D1F7A566B00B32B16 /* SafariIWITClose@2x.png */; };
		C5233CF21F7A5A6200B32B16 /* SafariIWITClosePressed.png in Resources */ = {isa = PBXBuildFile; fileRef = C5233C6E1F7A566B00B32B16 /* SafariIWITClosePressed.png */; };
		C5233CF31F7A5A6200B32B16 /* SafariIWITClosePressed@2x.png in Resources */ = {isa = PBXBuildFile; fileRef = C5233C6F1F7A566B00B32B16 /* SafariIWITClosePressed@2x.png */; };
		C5233CF41F7A5A6200B32B16 /* SafariIWITCloseRollover.png in Resources */ = {isa = PBXBuildFile; fileRef = C5233C701F7A566B00B32B16 /* SafariIWITCloseRollover.png */; };
		C5233CF51F7A5A6200B32B16 /* SafariIWITCloseRollover@2x.png in Resources */ = {isa = PBXBuildFile; fileRef = C5233C711F7A566B00B32B16 /* SafariIWITCloseRollover@2x.png */; };
		C5233CF61F7A5A6200B32B16 /* SafariIWITLeftCap.png in Resources */ = {isa = PBXBuildFile; fileRef = C5233C721F7A566B00B32B16 /* SafariIWITLeftCap.png */; };
		C5233CF71F7A5A6200B32B16 /* SafariIWITLeftCap@2x.png in Resources */ = {isa = PBXBuildFile; fileRef = C5233C731F7A566B00B32B16 /* SafariIWITLeftCap@2x.png */; };
		C5233CF81F7A5A6200B32B16 /* SafariIWITRightCap.png in Resources */ = {isa = PBXBuildFile; fileRef = C5233C741F7A566B00B32B16 /* SafariIWITRightCap.png */; };
		C5233CF91F7A5A6200B32B16 /* SafariIWITRightCap@2x.png in Resources */ = {isa = PBXBuildFile; fileRef = C5233C751F7A566B00B32B16 /* SafariIWITRightCap@2x.png */; };
		C5298EF91F5BA77A00908D4C /* CollectionTableViewController.swift in Sources */ = {isa = PBXBuildFile; fileRef = C5298EF71F5BA77A00908D4C /* CollectionTableViewController.swift */; };
		C5298EFA1F5BA77A00908D4C /* CollectionTableViewController.xib in Resources */ = {isa = PBXBuildFile; fileRef = C5298EF81F5BA77A00908D4C /* CollectionTableViewController.xib */; };
		C5298EFD1F5BAA6800908D4C /* CollectionViewController.swift in Sources */ = {isa = PBXBuildFile; fileRef = C5298EFB1F5BAA6800908D4C /* CollectionViewController.swift */; };
		C5298EFE1F5BAA6800908D4C /* CollectionViewController.xib in Resources */ = {isa = PBXBuildFile; fileRef = C5298EFC1F5BAA6800908D4C /* CollectionViewController.xib */; };
		C54391922005A5B500F08511 /* Package.framework in Frameworks */ = {isa = PBXBuildFile; fileRef = C54391932005A5B500F08511 /* Package.framework */; };
		C54D57641FDA61E1006DBF37 /* QueryTableCellView.swift in Sources */ = {isa = PBXBuildFile; fileRef = C54D57631FDA61E1006DBF37 /* QueryTableCellView.swift */; };
		C54D57661FDA6301006DBF37 /* QueryTableViewDataSource.swift in Sources */ = {isa = PBXBuildFile; fileRef = C54D57651FDA6301006DBF37 /* QueryTableViewDataSource.swift */; };
		C59ED1611F89C3FA00EA1F26 /* QueryWindowController.swift in Sources */ = {isa = PBXBuildFile; fileRef = C59ED15F1F89C3FA00EA1F26 /* QueryWindowController.swift */; };
		C59ED1621F89C3FA00EA1F26 /* QueryWindowController.xib in Resources */ = {isa = PBXBuildFile; fileRef = C59ED1601F89C3FA00EA1F26 /* QueryWindowController.xib */; };
		C5BF0A191F584DCC00C95EA8 /* OutlineViewController.swift in Sources */ = {isa = PBXBuildFile; fileRef = C5BF0A171F584DCC00C95EA8 /* OutlineViewController.swift */; };
		C5BF0A1A1F584DCC00C95EA8 /* OutlineViewController.xib in Resources */ = {isa = PBXBuildFile; fileRef = C5BF0A181F584DCC00C95EA8 /* OutlineViewController.xib */; };
		C5BF0A211F584F2E00C95EA8 /* CollectionOutlineViewController.swift in Sources */ = {isa = PBXBuildFile; fileRef = C5BF0A1F1F584F2E00C95EA8 /* CollectionOutlineViewController.swift */; };
		C5BF0A221F584F2E00C95EA8 /* CollectionOutlineViewController.xib in Resources */ = {isa = PBXBuildFile; fileRef = C5BF0A201F584F2E00C95EA8 /* CollectionOutlineViewController.xib */; };
		C5D8B1EB1F5715DB00AE0E25 /* AppDelegate.swift in Sources */ = {isa = PBXBuildFile; fileRef = C5D8B1EA1F5715DB00AE0E25 /* AppDelegate.swift */; };
		C5D8B1EF1F5715DB00AE0E25 /* Assets.xcassets in Resources */ = {isa = PBXBuildFile; fileRef = C5D8B1EE1F5715DB00AE0E25 /* Assets.xcassets */; };
		C5D8B1FA1F57163000AE0E25 /* MainMenu.xib in Resources */ = {isa = PBXBuildFile; fileRef = C5D8B1F91F57163000AE0E25 /* MainMenu.xib */; };
		C5D8B1FD1F5716B500AE0E25 /* WindowController.swift in Sources */ = {isa = PBXBuildFile; fileRef = C5D8B1FB1F5716B500AE0E25 /* WindowController.swift */; };
		C5D8B1FE1F5716B500AE0E25 /* WindowController.xib in Resources */ = {isa = PBXBuildFile; fileRef = C5D8B1FC1F5716B500AE0E25 /* WindowController.xib */; };
		C5EDC9291F5DBDEE00C46F93 /* TabViewController.swift in Sources */ = {isa = PBXBuildFile; fileRef = C5EDC9271F5DBDEE00C46F93 /* TabViewController.swift */; };
		C5EDC92A1F5DBDEE00C46F93 /* TabViewController.xib in Resources */ = {isa = PBXBuildFile; fileRef = C5EDC9281F5DBDEE00C46F93 /* TabViewController.xib */; };
		FA0AA2F71FCDA20900DA765D /* ConnectionWindowController.swift in Sources */ = {isa = PBXBuildFile; fileRef = FA0AA2F51FCDA20900DA765D /* ConnectionWindowController.swift */; };
		FA0AA2F81FCDA20900DA765D /* ConnectionWindowController.xib in Resources */ = {isa = PBXBuildFile; fileRef = FA0AA2F61FCDA20900DA765D /* ConnectionWindowController.xib */; };
		FA62581B1FD283E300A1BF26 /* DBConnection.swift in Sources */ = {isa = PBXBuildFile; fileRef = FA62581A1FD283E300A1BF26 /* DBConnection.swift */; };
		FA6258201FD2D43500A1BF26 /* InteractionView.swift in Sources */ = {isa = PBXBuildFile; fileRef = FA62581F1FD2D43500A1BF26 /* InteractionView.swift */; };
/* End PBXBuildFile section */

/* Begin PBXCopyFilesBuildPhase section */
		C5D3F1561F5D6D3600A0C7A7 /* CopyFiles */ = {
			isa = PBXCopyFilesBuildPhase;
			buildActionMask = 2147483647;
			dstPath = "";
			dstSubfolderSpec = 16;
			files = (
			);
			runOnlyForDeploymentPostprocessing = 0;
		};
		C5D8B35D1F57251900AE0E25 /* Embed Frameworks */ = {
			isa = PBXCopyFilesBuildPhase;
			buildActionMask = 2147483647;
			dstPath = "";
			dstSubfolderSpec = 10;
			files = (
			);
			name = "Embed Frameworks";
			runOnlyForDeploymentPostprocessing = 0;
		};
/* End PBXCopyFilesBuildPhase section */

/* Begin PBXFileReference section */
		C51E420B1F698E9B009C8ED5 /* NSImage+Mongosquare.swift */ = {isa = PBXFileReference; fileEncoding = 4; lastKnownFileType = sourcecode.swift; path = "NSImage+Mongosquare.swift"; sourceTree = "<group>"; };
		C5233BCB1F7A529900B32B16 /* Mongosquare-Bridge-Header.h */ = {isa = PBXFileReference; lastKnownFileType = sourcecode.c.h; path = "Mongosquare-Bridge-Header.h"; sourceTree = "<group>"; };
		C5233BCE1F7A566B00B32B16 /* en */ = {isa = PBXFileReference; lastKnownFileType = text.plist.strings; name = en; path = en.lproj/InfoPlist.strings; sourceTree = "<group>"; };
		C5233BD01F7A566B00B32B16 /* AdiumGradient.png */ = {isa = PBXFileReference; lastKnownFileType = image.png; path = AdiumGradient.png; sourceTree = "<group>"; };
		C5233BD11F7A566B00B32B16 /* AquaTabClose_Front.png */ = {isa = PBXFileReference; lastKnownFileType = image.png; path = AquaTabClose_Front.png; sourceTree = "<group>"; };
		C5233BD21F7A566B00B32B16 /* AquaTabClose_Front@2x.png */ = {isa = PBXFileReference; lastKnownFileType = image.png; path = "AquaTabClose_Front@2x.png"; sourceTree = "<group>"; };
		C5233BD31F7A566B00B32B16 /* AquaTabClose_Front_Pressed.png */ = {isa = PBXFileReference; lastKnownFileType = image.png; path = AquaTabClose_Front_Pressed.png; sourceTree = "<group>"; };
		C5233BD41F7A566B00B32B16 /* AquaTabClose_Front_Pressed@2x.png */ = {isa = PBXFileReference; lastKnownFileType = image.png; path = "AquaTabClose_Front_Pressed@2x.png"; sourceTree = "<group>"; };
		C5233BD51F7A566B00B32B16 /* AquaTabClose_Front_Rollover.png */ = {isa = PBXFileReference; lastKnownFileType = image.png; path = AquaTabClose_Front_Rollover.png; sourceTree = "<group>"; };
		C5233BD61F7A566B00B32B16 /* AquaTabClose_Front_Rollover@2x.png */ = {isa = PBXFileReference; lastKnownFileType = image.png; path = "AquaTabClose_Front_Rollover@2x.png"; sourceTree = "<group>"; };
		C5233BD71F7A566B00B32B16 /* AquaTabCloseDirty_Front.png */ = {isa = PBXFileReference; lastKnownFileType = image.png; path = AquaTabCloseDirty_Front.png; sourceTree = "<group>"; };
		C5233BD81F7A566B00B32B16 /* AquaTabCloseDirty_Front_Pressed.png */ = {isa = PBXFileReference; lastKnownFileType = image.png; path = AquaTabCloseDirty_Front_Pressed.png; sourceTree = "<group>"; };
		C5233BD91F7A566B00B32B16 /* AquaTabCloseDirty_Front_Rollover.png */ = {isa = PBXFileReference; lastKnownFileType = image.png; path = AquaTabCloseDirty_Front_Rollover.png; sourceTree = "<group>"; };
		C5233BDA1F7A566B00B32B16 /* AquaTabNew.png */ = {isa = PBXFileReference; lastKnownFileType = image.png; path = AquaTabNew.png; sourceTree = "<group>"; };
		C5233BDB1F7A566B00B32B16 /* AquaTabNew@2x.png */ = {isa = PBXFileReference; lastKnownFileType = image.png; path = "AquaTabNew@2x.png"; sourceTree = "<group>"; };
		C5233BDC1F7A566B00B32B16 /* AquaTabNewPressed.png */ = {isa = PBXFileReference; lastKnownFileType = image.png; path = AquaTabNewPressed.png; sourceTree = "<group>"; };
		C5233BDD1F7A566B00B32B16 /* AquaTabNewPressed@2x.png */ = {isa = PBXFileReference; lastKnownFileType = image.png; path = "AquaTabNewPressed@2x.png"; sourceTree = "<group>"; };
		C5233BDE1F7A566B00B32B16 /* AquaTabNewRollover.png */ = {isa = PBXFileReference; lastKnownFileType = image.png; path = AquaTabNewRollover.png; sourceTree = "<group>"; };
		C5233BDF1F7A566B00B32B16 /* AquaTabNewRollover@2x.png */ = {isa = PBXFileReference; lastKnownFileType = image.png; path = "AquaTabNewRollover@2x.png"; sourceTree = "<group>"; };
		C5233BE01F7A566B00B32B16 /* AquaTabsBackground.png */ = {isa = PBXFileReference; lastKnownFileType = image.png; path = AquaTabsBackground.png; sourceTree = "<group>"; };
		C5233BE11F7A566B00B32B16 /* AquaTabsDown.png */ = {isa = PBXFileReference; lastKnownFileType = image.png; path = AquaTabsDown.png; sourceTree = "<group>"; };
		C5233BE21F7A566B00B32B16 /* AquaTabsDownGraphite.png */ = {isa = PBXFileReference; lastKnownFileType = image.png; path = AquaTabsDownGraphite.png; sourceTree = "<group>"; };
		C5233BE31F7A566B00B32B16 /* AquaTabsDownNonKey.png */ = {isa = PBXFileReference; lastKnownFileType = image.png; path = AquaTabsDownNonKey.png; sourceTree = "<group>"; };
		C5233BE41F7A566B00B32B16 /* AquaTabsSeparator.png */ = {isa = PBXFileReference; lastKnownFileType = image.png; path = AquaTabsSeparator.png; sourceTree = "<group>"; };
		C5233BE51F7A566B00B32B16 /* AquaTabsSeparatorDown.png */ = {isa = PBXFileReference; lastKnownFileType = image.png; path = AquaTabsSeparatorDown.png; sourceTree = "<group>"; };
		C5233BE61F7A566B00B32B16 /* overflowImage.png */ = {isa = PBXFileReference; lastKnownFileType = image.png; path = overflowImage.png; sourceTree = "<group>"; };
		C5233BE71F7A566B00B32B16 /* overflowImage@2x.png */ = {isa = PBXFileReference; lastKnownFileType = image.png; path = "overflowImage@2x.png"; sourceTree = "<group>"; };
		C5233BE81F7A566B00B32B16 /* overflowImagePressed.png */ = {isa = PBXFileReference; lastKnownFileType = image.png; path = overflowImagePressed.png; sourceTree = "<group>"; };
		C5233BE91F7A566B00B32B16 /* overflowImagePressed@2x.png */ = {isa = PBXFileReference; lastKnownFileType = image.png; path = "overflowImagePressed@2x.png"; sourceTree = "<group>"; };
		C5233BEA1F7A566B00B32B16 /* pi.png */ = {isa = PBXFileReference; lastKnownFileType = image.png; path = pi.png; sourceTree = "<group>"; };
		C5233BEB1F7A566B00B32B16 /* TabClose_Dirty.png */ = {isa = PBXFileReference; lastKnownFileType = image.png; path = TabClose_Dirty.png; sourceTree = "<group>"; };
		C5233BEC1F7A566B00B32B16 /* TabClose_Dirty@2x.png */ = {isa = PBXFileReference; lastKnownFileType = image.png; path = "TabClose_Dirty@2x.png"; sourceTree = "<group>"; };
		C5233BED1F7A566B00B32B16 /* TabClose_Dirty_Pressed.png */ = {isa = PBXFileReference; lastKnownFileType = image.png; path = TabClose_Dirty_Pressed.png; sourceTree = "<group>"; };
		C5233BEE1F7A566B00B32B16 /* TabClose_Dirty_Pressed@2x.png */ = {isa = PBXFileReference; lastKnownFileType = image.png; path = "TabClose_Dirty_Pressed@2x.png"; sourceTree = "<group>"; };
		C5233BEF1F7A566B00B32B16 /* TabClose_Dirty_Rollover.png */ = {isa = PBXFileReference; lastKnownFileType = image.png; path = TabClose_Dirty_Rollover.png; sourceTree = "<group>"; };
		C5233BF01F7A566B00B32B16 /* TabClose_Dirty_Rollover@2x.png */ = {isa = PBXFileReference; lastKnownFileType = image.png; path = "TabClose_Dirty_Rollover@2x.png"; sourceTree = "<group>"; };
		C5233BF11F7A566B00B32B16 /* TabClose_Front.png */ = {isa = PBXFileReference; lastKnownFileType = image.png; path = TabClose_Front.png; sourceTree = "<group>"; };
		C5233BF21F7A566B00B32B16 /* TabClose_Front@2x.png */ = {isa = PBXFileReference; lastKnownFileType = image.png; path = "TabClose_Front@2x.png"; sourceTree = "<group>"; };
		C5233BF31F7A566B00B32B16 /* TabClose_Front_Pressed.png */ = {isa = PBXFileReference; lastKnownFileType = image.png; path = TabClose_Front_Pressed.png; sourceTree = "<group>"; };
		C5233BF41F7A566B00B32B16 /* TabClose_Front_Pressed@2x.png */ = {isa = PBXFileReference; lastKnownFileType = image.png; path = "TabClose_Front_Pressed@2x.png"; sourceTree = "<group>"; };
		C5233BF51F7A566B00B32B16 /* TabClose_Front_Rollover.png */ = {isa = PBXFileReference; lastKnownFileType = image.png; path = TabClose_Front_Rollover.png; sourceTree = "<group>"; };
		C5233BF61F7A566B00B32B16 /* TabClose_Front_Rollover@2x.png */ = {isa = PBXFileReference; lastKnownFileType = image.png; path = "TabClose_Front_Rollover@2x.png"; sourceTree = "<group>"; };
		C5233BF71F7A566B00B32B16 /* TabNewMetal.png */ = {isa = PBXFileReference; lastKnownFileType = image.png; path = TabNewMetal.png; sourceTree = "<group>"; };
		C5233BF81F7A566B00B32B16 /* TabNewMetalPressed.png */ = {isa = PBXFileReference; lastKnownFileType = image.png; path = TabNewMetalPressed.png; sourceTree = "<group>"; };
		C5233BF91F7A566B00B32B16 /* TabNewMetalRollover.png */ = {isa = PBXFileReference; lastKnownFileType = image.png; path = TabNewMetalRollover.png; sourceTree = "<group>"; };
		C5233BFA1F7A566B00B32B16 /* YosemiteTabClose_Front.png */ = {isa = PBXFileReference; lastKnownFileType = image.png; path = YosemiteTabClose_Front.png; sourceTree = "<group>"; };
		C5233BFB1F7A566B00B32B16 /* YosemiteTabClose_Front@2x.png */ = {isa = PBXFileReference; lastKnownFileType = image.png; path = "YosemiteTabClose_Front@2x.png"; sourceTree = "<group>"; };
		C5233BFC1F7A566B00B32B16 /* YosemiteTabClose_Front_Pressed.png */ = {isa = PBXFileReference; lastKnownFileType = image.png; path = YosemiteTabClose_Front_Pressed.png; sourceTree = "<group>"; };
		C5233BFD1F7A566B00B32B16 /* YosemiteTabClose_Front_Pressed@2x.png */ = {isa = PBXFileReference; lastKnownFileType = image.png; path = "YosemiteTabClose_Front_Pressed@2x.png"; sourceTree = "<group>"; };
		C5233BFE1F7A566B00B32B16 /* YosemiteTabClose_Front_Rollover.png */ = {isa = PBXFileReference; lastKnownFileType = image.png; path = YosemiteTabClose_Front_Rollover.png; sourceTree = "<group>"; };
		C5233BFF1F7A566B00B32B16 /* YosemiteTabClose_Front_Rollover@2x.png */ = {isa = PBXFileReference; lastKnownFileType = image.png; path = "YosemiteTabClose_Front_Rollover@2x.png"; sourceTree = "<group>"; };
		C5233C001F7A566B00B32B16 /* YosemiteTabNew.png */ = {isa = PBXFileReference; lastKnownFileType = image.png; path = YosemiteTabNew.png; sourceTree = "<group>"; };
		C5233C011F7A566B00B32B16 /* YosemiteTabNew@2x.png */ = {isa = PBXFileReference; lastKnownFileType = image.png; path = "YosemiteTabNew@2x.png"; sourceTree = "<group>"; };
		C5233C021F7A566B00B32B16 /* MMAttachedTabBarButton.h */ = {isa = PBXFileReference; lastKnownFileType = sourcecode.c.h; path = MMAttachedTabBarButton.h; sourceTree = "<group>"; };
		C5233C031F7A566B00B32B16 /* MMAttachedTabBarButton.m */ = {isa = PBXFileReference; lastKnownFileType = sourcecode.c.objc; path = MMAttachedTabBarButton.m; sourceTree = "<group>"; };
		C5233C041F7A566B00B32B16 /* MMAttachedTabBarButtonCell.h */ = {isa = PBXFileReference; lastKnownFileType = sourcecode.c.h; path = MMAttachedTabBarButtonCell.h; sourceTree = "<group>"; };
		C5233C051F7A566B00B32B16 /* MMAttachedTabBarButtonCell.m */ = {isa = PBXFileReference; lastKnownFileType = sourcecode.c.objc; path = MMAttachedTabBarButtonCell.m; sourceTree = "<group>"; };
		C5233C061F7A566B00B32B16 /* MMOverflowPopUpButton.h */ = {isa = PBXFileReference; lastKnownFileType = sourcecode.c.h; path = MMOverflowPopUpButton.h; sourceTree = "<group>"; };
		C5233C071F7A566B00B32B16 /* MMOverflowPopUpButton.m */ = {isa = PBXFileReference; lastKnownFileType = sourcecode.c.objc; path = MMOverflowPopUpButton.m; sourceTree = "<group>"; };
		C5233C081F7A566B00B32B16 /* MMOverflowPopUpButtonCell.h */ = {isa = PBXFileReference; lastKnownFileType = sourcecode.c.h; path = MMOverflowPopUpButtonCell.h; sourceTree = "<group>"; };
		C5233C091F7A566B00B32B16 /* MMOverflowPopUpButtonCell.m */ = {isa = PBXFileReference; lastKnownFileType = sourcecode.c.objc; path = MMOverflowPopUpButtonCell.m; sourceTree = "<group>"; };
		C5233C0A1F7A566B00B32B16 /* MMProgressIndicator.h */ = {isa = PBXFileReference; lastKnownFileType = sourcecode.c.h; path = MMProgressIndicator.h; sourceTree = "<group>"; };
		C5233C0B1F7A566B00B32B16 /* MMProgressIndicator.m */ = {isa = PBXFileReference; lastKnownFileType = sourcecode.c.objc; path = MMProgressIndicator.m; sourceTree = "<group>"; };
		C5233C0C1F7A566B00B32B16 /* MMRolloverButton.h */ = {isa = PBXFileReference; lastKnownFileType = sourcecode.c.h; path = MMRolloverButton.h; sourceTree = "<group>"; };
		C5233C0D1F7A566B00B32B16 /* MMRolloverButton.m */ = {isa = PBXFileReference; lastKnownFileType = sourcecode.c.objc; path = MMRolloverButton.m; sourceTree = "<group>"; };
		C5233C0E1F7A566B00B32B16 /* MMRolloverButtonCell.h */ = {isa = PBXFileReference; lastKnownFileType = sourcecode.c.h; path = MMRolloverButtonCell.h; sourceTree = "<group>"; };
		C5233C0F1F7A566B00B32B16 /* MMRolloverButtonCell.m */ = {isa = PBXFileReference; lastKnownFileType = sourcecode.c.objc; path = MMRolloverButtonCell.m; sourceTree = "<group>"; };
		C5233C101F7A566B00B32B16 /* MMSlideButtonsAnimation.h */ = {isa = PBXFileReference; lastKnownFileType = sourcecode.c.h; path = MMSlideButtonsAnimation.h; sourceTree = "<group>"; };
		C5233C111F7A566B00B32B16 /* MMSlideButtonsAnimation.m */ = {isa = PBXFileReference; lastKnownFileType = sourcecode.c.objc; path = MMSlideButtonsAnimation.m; sourceTree = "<group>"; };
		C5233C121F7A566B00B32B16 /* MMTabBarButton.h */ = {isa = PBXFileReference; lastKnownFileType = sourcecode.c.h; path = MMTabBarButton.h; sourceTree = "<group>"; };
		C5233C131F7A566B00B32B16 /* MMTabBarButton.m */ = {isa = PBXFileReference; lastKnownFileType = sourcecode.c.objc; path = MMTabBarButton.m; sourceTree = "<group>"; };
		C5233C141F7A566B00B32B16 /* MMTabBarButtonCell.h */ = {isa = PBXFileReference; lastKnownFileType = sourcecode.c.h; path = MMTabBarButtonCell.h; sourceTree = "<group>"; };
		C5233C151F7A566B00B32B16 /* MMTabBarButtonCell.m */ = {isa = PBXFileReference; lastKnownFileType = sourcecode.c.objc; path = MMTabBarButtonCell.m; sourceTree = "<group>"; };
		C5233C161F7A566B00B32B16 /* MMTabBarController.h */ = {isa = PBXFileReference; lastKnownFileType = sourcecode.c.h; path = MMTabBarController.h; sourceTree = "<group>"; };
		C5233C171F7A566B00B32B16 /* MMTabBarController.m */ = {isa = PBXFileReference; lastKnownFileType = sourcecode.c.objc; path = MMTabBarController.m; sourceTree = "<group>"; };
		C5233C181F7A566B00B32B16 /* MMTabBarItem.h */ = {isa = PBXFileReference; lastKnownFileType = sourcecode.c.h; path = MMTabBarItem.h; sourceTree = "<group>"; };
		C5233C191F7A566B00B32B16 /* MMTabBarView-Info.plist */ = {isa = PBXFileReference; lastKnownFileType = text.plist.xml; path = "MMTabBarView-Info.plist"; sourceTree = "<group>"; };
		C5233C1A1F7A566B00B32B16 /* MMTabBarView-Prefix.pch */ = {isa = PBXFileReference; lastKnownFileType = sourcecode.c.h; path = "MMTabBarView-Prefix.pch"; sourceTree = "<group>"; };
		C5233C1B1F7A566B00B32B16 /* MMTabBarView.h */ = {isa = PBXFileReference; lastKnownFileType = sourcecode.c.h; path = MMTabBarView.h; sourceTree = "<group>"; };
		C5233C1C1F7A566B00B32B16 /* MMTabBarView.m */ = {isa = PBXFileReference; lastKnownFileType = sourcecode.c.objc; path = MMTabBarView.m; sourceTree = "<group>"; };
		C5233C1D1F7A566B00B32B16 /* MMTabDragAssistant.h */ = {isa = PBXFileReference; lastKnownFileType = sourcecode.c.h; path = MMTabDragAssistant.h; sourceTree = "<group>"; };
		C5233C1E1F7A566B00B32B16 /* MMTabDragAssistant.m */ = {isa = PBXFileReference; lastKnownFileType = sourcecode.c.objc; path = MMTabDragAssistant.m; sourceTree = "<group>"; };
		C5233C1F1F7A566B00B32B16 /* MMTabDragView.h */ = {isa = PBXFileReference; lastKnownFileType = sourcecode.c.h; path = MMTabDragView.h; sourceTree = "<group>"; };
		C5233C201F7A566B00B32B16 /* MMTabDragView.m */ = {isa = PBXFileReference; lastKnownFileType = sourcecode.c.objc; path = MMTabDragView.m; sourceTree = "<group>"; };
		C5233C211F7A566B00B32B16 /* MMTabDragWindow.h */ = {isa = PBXFileReference; lastKnownFileType = sourcecode.c.h; path = MMTabDragWindow.h; sourceTree = "<group>"; };
		C5233C221F7A566B00B32B16 /* MMTabDragWindow.m */ = {isa = PBXFileReference; lastKnownFileType = sourcecode.c.objc; path = MMTabDragWindow.m; sourceTree = "<group>"; };
		C5233C231F7A566B00B32B16 /* MMTabDragWindowController.h */ = {isa = PBXFileReference; lastKnownFileType = sourcecode.c.h; path = MMTabDragWindowController.h; sourceTree = "<group>"; };
		C5233C241F7A566B00B32B16 /* MMTabDragWindowController.m */ = {isa = PBXFileReference; lastKnownFileType = sourcecode.c.objc; path = MMTabDragWindowController.m; sourceTree = "<group>"; };
		C5233C251F7A566B00B32B16 /* MMTabPasteboardItem.h */ = {isa = PBXFileReference; lastKnownFileType = sourcecode.c.h; path = MMTabPasteboardItem.h; sourceTree = "<group>"; };
		C5233C261F7A566B00B32B16 /* MMTabPasteboardItem.m */ = {isa = PBXFileReference; lastKnownFileType = sourcecode.c.objc; path = MMTabPasteboardItem.m; sourceTree = "<group>"; };
		C5233C271F7A566B00B32B16 /* MMTabStyle.h */ = {isa = PBXFileReference; lastKnownFileType = sourcecode.c.h; path = MMTabStyle.h; sourceTree = "<group>"; };
		C5233C281F7A566B00B32B16 /* NSAffineTransform+MMTabBarViewExtensions.h */ = {isa = PBXFileReference; lastKnownFileType = sourcecode.c.h; path = "NSAffineTransform+MMTabBarViewExtensions.h"; sourceTree = "<group>"; };
		C5233C291F7A566B00B32B16 /* NSAffineTransform+MMTabBarViewExtensions.m */ = {isa = PBXFileReference; lastKnownFileType = sourcecode.c.objc; path = "NSAffineTransform+MMTabBarViewExtensions.m"; sourceTree = "<group>"; };
		C5233C2A1F7A566B00B32B16 /* NSBezierPath+MMTabBarViewExtensions.h */ = {isa = PBXFileReference; lastKnownFileType = sourcecode.c.h; path = "NSBezierPath+MMTabBarViewExtensions.h"; sourceTree = "<group>"; };
		C5233C2B1F7A566B00B32B16 /* NSBezierPath+MMTabBarViewExtensions.m */ = {isa = PBXFileReference; lastKnownFileType = sourcecode.c.objc; path = "NSBezierPath+MMTabBarViewExtensions.m"; sourceTree = "<group>"; };
		C5233C2C1F7A566B00B32B16 /* NSCell+MMTabBarViewExtensions.h */ = {isa = PBXFileReference; lastKnownFileType = sourcecode.c.h; path = "NSCell+MMTabBarViewExtensions.h"; sourceTree = "<group>"; };
		C5233C2D1F7A566B00B32B16 /* NSCell+MMTabBarViewExtensions.m */ = {isa = PBXFileReference; lastKnownFileType = sourcecode.c.objc; path = "NSCell+MMTabBarViewExtensions.m"; sourceTree = "<group>"; };
		C5233C2E1F7A566B00B32B16 /* NSString+MMTabBarViewExtensions.h */ = {isa = PBXFileReference; lastKnownFileType = sourcecode.c.h; path = "NSString+MMTabBarViewExtensions.h"; sourceTree = "<group>"; };
		C5233C2F1F7A566B00B32B16 /* NSString+MMTabBarViewExtensions.m */ = {isa = PBXFileReference; lastKnownFileType = sourcecode.c.objc; path = "NSString+MMTabBarViewExtensions.m"; sourceTree = "<group>"; };
		C5233C301F7A566B00B32B16 /* NSTabViewItem+MMTabBarViewExtensions.h */ = {isa = PBXFileReference; lastKnownFileType = sourcecode.c.h; path = "NSTabViewItem+MMTabBarViewExtensions.h"; sourceTree = "<group>"; };
		C5233C311F7A566B00B32B16 /* NSTabViewItem+MMTabBarViewExtensions.m */ = {isa = PBXFileReference; lastKnownFileType = sourcecode.c.objc; path = "NSTabViewItem+MMTabBarViewExtensions.m"; sourceTree = "<group>"; };
		C5233C321F7A566B00B32B16 /* NSView+MMTabBarViewExtensions.h */ = {isa = PBXFileReference; lastKnownFileType = sourcecode.c.h; path = "NSView+MMTabBarViewExtensions.h"; sourceTree = "<group>"; };
		C5233C331F7A566B00B32B16 /* NSView+MMTabBarViewExtensions.m */ = {isa = PBXFileReference; lastKnownFileType = sourcecode.c.objc; path = "NSView+MMTabBarViewExtensions.m"; sourceTree = "<group>"; };
		C5233C351F7A566B00B32B16 /* MMAdiumTabStyle.h */ = {isa = PBXFileReference; lastKnownFileType = sourcecode.c.h; path = MMAdiumTabStyle.h; sourceTree = "<group>"; };
		C5233C361F7A566B00B32B16 /* MMAdiumTabStyle.m */ = {isa = PBXFileReference; lastKnownFileType = sourcecode.c.objc; path = MMAdiumTabStyle.m; sourceTree = "<group>"; };
		C5233C371F7A566B00B32B16 /* MMAquaTabStyle.h */ = {isa = PBXFileReference; lastKnownFileType = sourcecode.c.h; path = MMAquaTabStyle.h; sourceTree = "<group>"; };
		C5233C381F7A566B00B32B16 /* MMAquaTabStyle.m */ = {isa = PBXFileReference; lastKnownFileType = sourcecode.c.objc; path = MMAquaTabStyle.m; sourceTree = "<group>"; };
		C5233C391F7A566B00B32B16 /* MMCardTabStyle.h */ = {isa = PBXFileReference; lastKnownFileType = sourcecode.c.h; path = MMCardTabStyle.h; sourceTree = "<group>"; };
		C5233C3A1F7A566B00B32B16 /* MMCardTabStyle.m */ = {isa = PBXFileReference; lastKnownFileType = sourcecode.c.objc; path = MMCardTabStyle.m; sourceTree = "<group>"; };
		C5233C3B1F7A566B00B32B16 /* MMLiveChatTabStyle.h */ = {isa = PBXFileReference; lastKnownFileType = sourcecode.c.h; path = MMLiveChatTabStyle.h; sourceTree = "<group>"; };
		C5233C3C1F7A566B00B32B16 /* MMLiveChatTabStyle.m */ = {isa = PBXFileReference; lastKnownFileType = sourcecode.c.objc; path = MMLiveChatTabStyle.m; sourceTree = "<group>"; };
		C5233C3D1F7A566B00B32B16 /* MMMetalTabStyle.h */ = {isa = PBXFileReference; lastKnownFileType = sourcecode.c.h; path = MMMetalTabStyle.h; sourceTree = "<group>"; };
		C5233C3E1F7A566B00B32B16 /* MMMetalTabStyle.m */ = {isa = PBXFileReference; lastKnownFileType = sourcecode.c.objc; path = MMMetalTabStyle.m; sourceTree = "<group>"; };
		C5233C3F1F7A566B00B32B16 /* MMUnifiedTabStyle.h */ = {isa = PBXFileReference; lastKnownFileType = sourcecode.c.h; path = MMUnifiedTabStyle.h; sourceTree = "<group>"; };
		C5233C401F7A566B00B32B16 /* MMUnifiedTabStyle.m */ = {isa = PBXFileReference; lastKnownFileType = sourcecode.c.objc; path = MMUnifiedTabStyle.m; sourceTree = "<group>"; };
		C5233C411F7A566B00B32B16 /* MMYosemiteTabStyle.h */ = {isa = PBXFileReference; lastKnownFileType = sourcecode.c.h; path = MMYosemiteTabStyle.h; sourceTree = "<group>"; };
		C5233C421F7A566B00B32B16 /* MMYosemiteTabStyle.m */ = {isa = PBXFileReference; lastKnownFileType = sourcecode.c.objc; path = MMYosemiteTabStyle.m; sourceTree = "<group>"; };
		C5233C451F7A566B00B32B16 /* SafariAWAddTabButton.png */ = {isa = PBXFileReference; lastKnownFileType = image.png; path = SafariAWAddTabButton.png; sourceTree = "<group>"; };
		C5233C461F7A566B00B32B16 /* SafariAWAddTabButtonPushed.png */ = {isa = PBXFileReference; lastKnownFileType = image.png; path = SafariAWAddTabButtonPushed.png; sourceTree = "<group>"; };
		C5233C471F7A566B00B32B16 /* SafariAWAddTabButtonRolloverPlus.png */ = {isa = PBXFileReference; lastKnownFileType = image.png; path = SafariAWAddTabButtonRolloverPlus.png; sourceTree = "<group>"; };
		C5233C481F7A566B00B32B16 /* SafariAWATClose.png */ = {isa = PBXFileReference; lastKnownFileType = image.png; path = SafariAWATClose.png; sourceTree = "<group>"; };
		C5233C491F7A566B00B32B16 /* SafariAWATClose@2x.png */ = {isa = PBXFileReference; lastKnownFileType = image.png; path = "SafariAWATClose@2x.png"; sourceTree = "<group>"; };
		C5233C4A1F7A566B00B32B16 /* SafariAWATClosePressed.png */ = {isa = PBXFileReference; lastKnownFileType = image.png; path = SafariAWATClosePressed.png; sourceTree = "<group>"; };
		C5233C4B1F7A566B00B32B16 /* SafariAWATClosePressed@2x.png */ = {isa = PBXFileReference; lastKnownFileType = image.png; path = "SafariAWATClosePressed@2x.png"; sourceTree = "<group>"; };
		C5233C4C1F7A566B00B32B16 /* SafariAWATCloseRollover.png */ = {isa = PBXFileReference; lastKnownFileType = image.png; path = SafariAWATCloseRollover.png; sourceTree = "<group>"; };
		C5233C4D1F7A566B00B32B16 /* SafariAWATCloseRollover@2x.png */ = {isa = PBXFileReference; lastKnownFileType = image.png; path = "SafariAWATCloseRollover@2x.png"; sourceTree = "<group>"; };
		C5233C4E1F7A566B00B32B16 /* SafariAWATFill.png */ = {isa = PBXFileReference; lastKnownFileType = image.png; path = SafariAWATFill.png; sourceTree = "<group>"; };
		C5233C4F1F7A566B00B32B16 /* SafariAWATFill@2x.png */ = {isa = PBXFileReference; lastKnownFileType = image.png; path = "SafariAWATFill@2x.png"; sourceTree = "<group>"; };
		C5233C501F7A566B00B32B16 /* SafariAWATLeftCap.png */ = {isa = PBXFileReference; lastKnownFileType = image.png; path = SafariAWATLeftCap.png; sourceTree = "<group>"; };
		C5233C511F7A566B00B32B16 /* SafariAWATLeftCap@2x.png */ = {isa = PBXFileReference; lastKnownFileType = image.png; path = "SafariAWATLeftCap@2x.png"; sourceTree = "<group>"; };
		C5233C521F7A566B00B32B16 /* SafariAWATRightCap.png */ = {isa = PBXFileReference; lastKnownFileType = image.png; path = SafariAWATRightCap.png; sourceTree = "<group>"; };
		C5233C531F7A566B00B32B16 /* SafariAWATRightCap@2x.png */ = {isa = PBXFileReference; lastKnownFileType = image.png; path = "SafariAWATRightCap@2x.png"; sourceTree = "<group>"; };
		C5233C541F7A566B00B32B16 /* SafariAWBG.png */ = {isa = PBXFileReference; lastKnownFileType = image.png; path = SafariAWBG.png; sourceTree = "<group>"; };
		C5233C551F7A566B00B32B16 /* SafariAWITClose.png */ = {isa = PBXFileReference; lastKnownFileType = image.png; path = SafariAWITClose.png; sourceTree = "<group>"; };
		C5233C561F7A566B00B32B16 /* SafariAWITClose@2x.png */ = {isa = PBXFileReference; lastKnownFileType = image.png; path = "SafariAWITClose@2x.png"; sourceTree = "<group>"; };
		C5233C571F7A566B00B32B16 /* SafariAWITClosePressed.png */ = {isa = PBXFileReference; lastKnownFileType = image.png; path = SafariAWITClosePressed.png; sourceTree = "<group>"; };
		C5233C581F7A566B00B32B16 /* SafariAWITClosePressed@2x.png */ = {isa = PBXFileReference; lastKnownFileType = image.png; path = "SafariAWITClosePressed@2x.png"; sourceTree = "<group>"; };
		C5233C591F7A566B00B32B16 /* SafariAWITCloseRollover.png */ = {isa = PBXFileReference; lastKnownFileType = image.png; path = SafariAWITCloseRollover.png; sourceTree = "<group>"; };
		C5233C5A1F7A566B00B32B16 /* SafariAWITCloseRollover@2x.png */ = {isa = PBXFileReference; lastKnownFileType = image.png; path = "SafariAWITCloseRollover@2x.png"; sourceTree = "<group>"; };
		C5233C5B1F7A566B00B32B16 /* SafariAWITLeftCap.png */ = {isa = PBXFileReference; lastKnownFileType = image.png; path = SafariAWITLeftCap.png; sourceTree = "<group>"; };
		C5233C5C1F7A566B00B32B16 /* SafariAWITLeftCap@2x.png */ = {isa = PBXFileReference; lastKnownFileType = image.png; path = "SafariAWITLeftCap@2x.png"; sourceTree = "<group>"; };
		C5233C5D1F7A566B00B32B16 /* SafariAWITRightCap.png */ = {isa = PBXFileReference; lastKnownFileType = image.png; path = SafariAWITRightCap.png; sourceTree = "<group>"; };
		C5233C5E1F7A566B00B32B16 /* SafariAWITRightCap@2x.png */ = {isa = PBXFileReference; lastKnownFileType = image.png; path = "SafariAWITRightCap@2x.png"; sourceTree = "<group>"; };
		C5233C5F1F7A566B00B32B16 /* SafariIWAddTabButton.png */ = {isa = PBXFileReference; lastKnownFileType = image.png; path = SafariIWAddTabButton.png; sourceTree = "<group>"; };
		C5233C601F7A566B00B32B16 /* SafariIWATClose.png */ = {isa = PBXFileReference; lastKnownFileType = image.png; path = SafariIWATClose.png; sourceTree = "<group>"; };
		C5233C611F7A566B00B32B16 /* SafariIWATClose@2x.png */ = {isa = PBXFileReference; lastKnownFileType = image.png; path = "SafariIWATClose@2x.png"; sourceTree = "<group>"; };
		C5233C621F7A566B00B32B16 /* SafariIWATClosePressed.png */ = {isa = PBXFileReference; lastKnownFileType = image.png; path = SafariIWATClosePressed.png; sourceTree = "<group>"; };
		C5233C631F7A566B00B32B16 /* SafariIWATClosePressed@2x.png */ = {isa = PBXFileReference; lastKnownFileType = image.png; path = "SafariIWATClosePressed@2x.png"; sourceTree = "<group>"; };
		C5233C641F7A566B00B32B16 /* SafariIWATCloseRollover.png */ = {isa = PBXFileReference; lastKnownFileType = image.png; path = SafariIWATCloseRollover.png; sourceTree = "<group>"; };
		C5233C651F7A566B00B32B16 /* SafariIWATCloseRollover@2x.png */ = {isa = PBXFileReference; lastKnownFileType = image.png; path = "SafariIWATCloseRollover@2x.png"; sourceTree = "<group>"; };
		C5233C661F7A566B00B32B16 /* SafariIWATFill.png */ = {isa = PBXFileReference; lastKnownFileType = image.png; path = SafariIWATFill.png; sourceTree = "<group>"; };
		C5233C671F7A566B00B32B16 /* SafariIWATLeftCap.png */ = {isa = PBXFileReference; lastKnownFileType = image.png; path = SafariIWATLeftCap.png; sourceTree = "<group>"; };
		C5233C681F7A566B00B32B16 /* SafariIWATLeftCap@2x.png */ = {isa = PBXFileReference; lastKnownFileType = image.png; path = "SafariIWATLeftCap@2x.png"; sourceTree = "<group>"; };
		C5233C691F7A566B00B32B16 /* SafariIWATRightCap.png */ = {isa = PBXFileReference; lastKnownFileType = image.png; path = SafariIWATRightCap.png; sourceTree = "<group>"; };
		C5233C6A1F7A566B00B32B16 /* SafariIWATRightCap@2x.png */ = {isa = PBXFileReference; lastKnownFileType = image.png; path = "SafariIWATRightCap@2x.png"; sourceTree = "<group>"; };
		C5233C6B1F7A566B00B32B16 /* SafariIWBG.png */ = {isa = PBXFileReference; lastKnownFileType = image.png; path = SafariIWBG.png; sourceTree = "<group>"; };
		C5233C6C1F7A566B00B32B16 /* SafariIWITClose.png */ = {isa = PBXFileReference; lastKnownFileType = image.png; path = SafariIWITClose.png; sourceTree = "<group>"; };
		C5233C6D1F7A566B00B32B16 /* SafariIWITClose@2x.png */ = {isa = PBXFileReference; lastKnownFileType = image.png; path = "SafariIWITClose@2x.png"; sourceTree = "<group>"; };
		C5233C6E1F7A566B00B32B16 /* SafariIWITClosePressed.png */ = {isa = PBXFileReference; lastKnownFileType = image.png; path = SafariIWITClosePressed.png; sourceTree = "<group>"; };
		C5233C6F1F7A566B00B32B16 /* SafariIWITClosePressed@2x.png */ = {isa = PBXFileReference; lastKnownFileType = image.png; path = "SafariIWITClosePressed@2x.png"; sourceTree = "<group>"; };
		C5233C701F7A566B00B32B16 /* SafariIWITCloseRollover.png */ = {isa = PBXFileReference; lastKnownFileType = image.png; path = SafariIWITCloseRollover.png; sourceTree = "<group>"; };
		C5233C711F7A566B00B32B16 /* SafariIWITCloseRollover@2x.png */ = {isa = PBXFileReference; lastKnownFileType = image.png; path = "SafariIWITCloseRollover@2x.png"; sourceTree = "<group>"; };
		C5233C721F7A566B00B32B16 /* SafariIWITLeftCap.png */ = {isa = PBXFileReference; lastKnownFileType = image.png; path = SafariIWITLeftCap.png; sourceTree = "<group>"; };
		C5233C731F7A566B00B32B16 /* SafariIWITLeftCap@2x.png */ = {isa = PBXFileReference; lastKnownFileType = image.png; path = "SafariIWITLeftCap@2x.png"; sourceTree = "<group>"; };
		C5233C741F7A566B00B32B16 /* SafariIWITRightCap.png */ = {isa = PBXFileReference; lastKnownFileType = image.png; path = SafariIWITRightCap.png; sourceTree = "<group>"; };
		C5233C751F7A566B00B32B16 /* SafariIWITRightCap@2x.png */ = {isa = PBXFileReference; lastKnownFileType = image.png; path = "SafariIWITRightCap@2x.png"; sourceTree = "<group>"; };
		C5233C761F7A566B00B32B16 /* MMSafariTabStyle.h */ = {isa = PBXFileReference; lastKnownFileType = sourcecode.c.h; path = MMSafariTabStyle.h; sourceTree = "<group>"; };
		C5233C771F7A566B00B32B16 /* MMSafariTabStyle.m */ = {isa = PBXFileReference; lastKnownFileType = sourcecode.c.objc; path = MMSafariTabStyle.m; sourceTree = "<group>"; };
		C5298EF71F5BA77A00908D4C /* CollectionTableViewController.swift */ = {isa = PBXFileReference; fileEncoding = 4; lastKnownFileType = sourcecode.swift; path = CollectionTableViewController.swift; sourceTree = "<group>"; };
		C5298EF81F5BA77A00908D4C /* CollectionTableViewController.xib */ = {isa = PBXFileReference; fileEncoding = 4; lastKnownFileType = file.xib; path = CollectionTableViewController.xib; sourceTree = "<group>"; };
		C5298EFB1F5BAA6800908D4C /* CollectionViewController.swift */ = {isa = PBXFileReference; fileEncoding = 4; lastKnownFileType = sourcecode.swift; path = CollectionViewController.swift; sourceTree = "<group>"; };
		C5298EFC1F5BAA6800908D4C /* CollectionViewController.xib */ = {isa = PBXFileReference; fileEncoding = 4; lastKnownFileType = file.xib; path = CollectionViewController.xib; sourceTree = "<group>"; };
		C54391932005A5B500F08511 /* Package.framework */ = {isa = PBXFileReference; explicitFileType = wrapper.framework; path = Package.framework; sourceTree = BUILT_PRODUCTS_DIR; };
		C54D57631FDA61E1006DBF37 /* QueryTableCellView.swift */ = {isa = PBXFileReference; lastKnownFileType = sourcecode.swift; path = QueryTableCellView.swift; sourceTree = "<group>"; };
		C54D57651FDA6301006DBF37 /* QueryTableViewDataSource.swift */ = {isa = PBXFileReference; lastKnownFileType = sourcecode.swift; path = QueryTableViewDataSource.swift; sourceTree = "<group>"; };
		C59ED15F1F89C3FA00EA1F26 /* QueryWindowController.swift */ = {isa = PBXFileReference; lastKnownFileType = sourcecode.swift; path = QueryWindowController.swift; sourceTree = "<group>"; };
		C59ED1601F89C3FA00EA1F26 /* QueryWindowController.xib */ = {isa = PBXFileReference; lastKnownFileType = file.xib; path = QueryWindowController.xib; sourceTree = "<group>"; };
		C59FFCAE1F87DED600971FCB /* QuartzCore.framework */ = {isa = PBXFileReference; lastKnownFileType = wrapper.framework; name = QuartzCore.framework; path = System/Library/Frameworks/QuartzCore.framework; sourceTree = SDKROOT; };
		C5BF0A171F584DCC00C95EA8 /* OutlineViewController.swift */ = {isa = PBXFileReference; fileEncoding = 4; lastKnownFileType = sourcecode.swift; path = OutlineViewController.swift; sourceTree = "<group>"; };
		C5BF0A181F584DCC00C95EA8 /* OutlineViewController.xib */ = {isa = PBXFileReference; fileEncoding = 4; lastKnownFileType = file.xib; path = OutlineViewController.xib; sourceTree = "<group>"; };
		C5BF0A1F1F584F2E00C95EA8 /* CollectionOutlineViewController.swift */ = {isa = PBXFileReference; fileEncoding = 4; lastKnownFileType = sourcecode.swift; path = CollectionOutlineViewController.swift; sourceTree = "<group>"; };
		C5BF0A201F584F2E00C95EA8 /* CollectionOutlineViewController.xib */ = {isa = PBXFileReference; fileEncoding = 4; lastKnownFileType = file.xib; path = CollectionOutlineViewController.xib; sourceTree = "<group>"; };
		C5D8B1E71F5715DB00AE0E25 /* Mongosquare.app */ = {isa = PBXFileReference; explicitFileType = wrapper.application; includeInIndex = 0; path = Mongosquare.app; sourceTree = BUILT_PRODUCTS_DIR; };
		C5D8B1EA1F5715DB00AE0E25 /* AppDelegate.swift */ = {isa = PBXFileReference; lastKnownFileType = sourcecode.swift; path = AppDelegate.swift; sourceTree = "<group>"; };
		C5D8B1EE1F5715DB00AE0E25 /* Assets.xcassets */ = {isa = PBXFileReference; lastKnownFileType = folder.assetcatalog; path = Assets.xcassets; sourceTree = "<group>"; };
		C5D8B1F31F5715DB00AE0E25 /* Info.plist */ = {isa = PBXFileReference; lastKnownFileType = text.plist.xml; path = Info.plist; sourceTree = "<group>"; };
		C5D8B1F91F57163000AE0E25 /* MainMenu.xib */ = {isa = PBXFileReference; fileEncoding = 4; lastKnownFileType = file.xib; path = MainMenu.xib; sourceTree = "<group>"; };
		C5D8B1FB1F5716B500AE0E25 /* WindowController.swift */ = {isa = PBXFileReference; fileEncoding = 4; lastKnownFileType = sourcecode.swift; path = WindowController.swift; sourceTree = "<group>"; };
		C5D8B1FC1F5716B500AE0E25 /* WindowController.xib */ = {isa = PBXFileReference; fileEncoding = 4; lastKnownFileType = file.xib; path = WindowController.xib; sourceTree = "<group>"; };
		C5EDC9271F5DBDEE00C46F93 /* TabViewController.swift */ = {isa = PBXFileReference; fileEncoding = 4; lastKnownFileType = sourcecode.swift; path = TabViewController.swift; sourceTree = "<group>"; };
		C5EDC9281F5DBDEE00C46F93 /* TabViewController.xib */ = {isa = PBXFileReference; fileEncoding = 4; lastKnownFileType = file.xib; path = TabViewController.xib; sourceTree = "<group>"; };
		FA0AA2F51FCDA20900DA765D /* ConnectionWindowController.swift */ = {isa = PBXFileReference; lastKnownFileType = sourcecode.swift; path = ConnectionWindowController.swift; sourceTree = "<group>"; };
		FA0AA2F61FCDA20900DA765D /* ConnectionWindowController.xib */ = {isa = PBXFileReference; lastKnownFileType = file.xib; path = ConnectionWindowController.xib; sourceTree = "<group>"; };
		FA62581A1FD283E300A1BF26 /* DBConnection.swift */ = {isa = PBXFileReference; lastKnownFileType = sourcecode.swift; name = DBConnection.swift; path = Models/DBConnection.swift; sourceTree = "<group>"; };
		FA62581F1FD2D43500A1BF26 /* InteractionView.swift */ = {isa = PBXFileReference; fileEncoding = 4; lastKnownFileType = sourcecode.swift; name = InteractionView.swift; path = Views/InteractionView.swift; sourceTree = "<group>"; };
/* End PBXFileReference section */

/* Begin PBXFrameworksBuildPhase section */
		C5D8B1E41F5715DB00AE0E25 /* Frameworks */ = {
			isa = PBXFrameworksBuildPhase;
			buildActionMask = 2147483647;
			files = (
				C54391922005A5B500F08511 /* Package.framework in Frameworks */,
			);
			runOnlyForDeploymentPostprocessing = 0;
		};
/* End PBXFrameworksBuildPhase section */

/* Begin PBXGroup section */
		C51E420A1F698E82009C8ED5 /* Extensions */ = {
			isa = PBXGroup;
			children = (
				C51E420B1F698E9B009C8ED5 /* NSImage+Mongosquare.swift */,
			);
			name = Extensions;
			sourceTree = "<group>";
		};
		C5233BCC1F7A566B00B32B16 /* MMTabBarView */ = {
			isa = PBXGroup;
			children = (
				C5233BCD1F7A566B00B32B16 /* InfoPlist.strings */,
				C5233BCF1F7A566B00B32B16 /* Images */,
				C5233C021F7A566B00B32B16 /* MMAttachedTabBarButton.h */,
				C5233C031F7A566B00B32B16 /* MMAttachedTabBarButton.m */,
				C5233C041F7A566B00B32B16 /* MMAttachedTabBarButtonCell.h */,
				C5233C051F7A566B00B32B16 /* MMAttachedTabBarButtonCell.m */,
				C5233C061F7A566B00B32B16 /* MMOverflowPopUpButton.h */,
				C5233C071F7A566B00B32B16 /* MMOverflowPopUpButton.m */,
				C5233C081F7A566B00B32B16 /* MMOverflowPopUpButtonCell.h */,
				C5233C091F7A566B00B32B16 /* MMOverflowPopUpButtonCell.m */,
				C5233C0A1F7A566B00B32B16 /* MMProgressIndicator.h */,
				C5233C0B1F7A566B00B32B16 /* MMProgressIndicator.m */,
				C5233C0C1F7A566B00B32B16 /* MMRolloverButton.h */,
				C5233C0D1F7A566B00B32B16 /* MMRolloverButton.m */,
				C5233C0E1F7A566B00B32B16 /* MMRolloverButtonCell.h */,
				C5233C0F1F7A566B00B32B16 /* MMRolloverButtonCell.m */,
				C5233C101F7A566B00B32B16 /* MMSlideButtonsAnimation.h */,
				C5233C111F7A566B00B32B16 /* MMSlideButtonsAnimation.m */,
				C5233C121F7A566B00B32B16 /* MMTabBarButton.h */,
				C5233C131F7A566B00B32B16 /* MMTabBarButton.m */,
				C5233C141F7A566B00B32B16 /* MMTabBarButtonCell.h */,
				C5233C151F7A566B00B32B16 /* MMTabBarButtonCell.m */,
				C5233C161F7A566B00B32B16 /* MMTabBarController.h */,
				C5233C171F7A566B00B32B16 /* MMTabBarController.m */,
				C5233C181F7A566B00B32B16 /* MMTabBarItem.h */,
				C5233C191F7A566B00B32B16 /* MMTabBarView-Info.plist */,
				C5233C1A1F7A566B00B32B16 /* MMTabBarView-Prefix.pch */,
				C5233C1B1F7A566B00B32B16 /* MMTabBarView.h */,
				C5233C1C1F7A566B00B32B16 /* MMTabBarView.m */,
				C5233C1D1F7A566B00B32B16 /* MMTabDragAssistant.h */,
				C5233C1E1F7A566B00B32B16 /* MMTabDragAssistant.m */,
				C5233C1F1F7A566B00B32B16 /* MMTabDragView.h */,
				C5233C201F7A566B00B32B16 /* MMTabDragView.m */,
				C5233C211F7A566B00B32B16 /* MMTabDragWindow.h */,
				C5233C221F7A566B00B32B16 /* MMTabDragWindow.m */,
				C5233C231F7A566B00B32B16 /* MMTabDragWindowController.h */,
				C5233C241F7A566B00B32B16 /* MMTabDragWindowController.m */,
				C5233C251F7A566B00B32B16 /* MMTabPasteboardItem.h */,
				C5233C261F7A566B00B32B16 /* MMTabPasteboardItem.m */,
				C5233C271F7A566B00B32B16 /* MMTabStyle.h */,
				C5233C281F7A566B00B32B16 /* NSAffineTransform+MMTabBarViewExtensions.h */,
				C5233C291F7A566B00B32B16 /* NSAffineTransform+MMTabBarViewExtensions.m */,
				C5233C2A1F7A566B00B32B16 /* NSBezierPath+MMTabBarViewExtensions.h */,
				C5233C2B1F7A566B00B32B16 /* NSBezierPath+MMTabBarViewExtensions.m */,
				C5233C2C1F7A566B00B32B16 /* NSCell+MMTabBarViewExtensions.h */,
				C5233C2D1F7A566B00B32B16 /* NSCell+MMTabBarViewExtensions.m */,
				C5233C2E1F7A566B00B32B16 /* NSString+MMTabBarViewExtensions.h */,
				C5233C2F1F7A566B00B32B16 /* NSString+MMTabBarViewExtensions.m */,
				C5233C301F7A566B00B32B16 /* NSTabViewItem+MMTabBarViewExtensions.h */,
				C5233C311F7A566B00B32B16 /* NSTabViewItem+MMTabBarViewExtensions.m */,
				C5233C321F7A566B00B32B16 /* NSView+MMTabBarViewExtensions.h */,
				C5233C331F7A566B00B32B16 /* NSView+MMTabBarViewExtensions.m */,
				C5233C341F7A566B00B32B16 /* Styles */,
			);
			name = MMTabBarView;
			path = Library/MMTabBarView;
			sourceTree = "<group>";
		};
		C5233BCF1F7A566B00B32B16 /* Images */ = {
			isa = PBXGroup;
			children = (
				C5233BD01F7A566B00B32B16 /* AdiumGradient.png */,
				C5233BD11F7A566B00B32B16 /* AquaTabClose_Front.png */,
				C5233BD21F7A566B00B32B16 /* AquaTabClose_Front@2x.png */,
				C5233BD31F7A566B00B32B16 /* AquaTabClose_Front_Pressed.png */,
				C5233BD41F7A566B00B32B16 /* AquaTabClose_Front_Pressed@2x.png */,
				C5233BD51F7A566B00B32B16 /* AquaTabClose_Front_Rollover.png */,
				C5233BD61F7A566B00B32B16 /* AquaTabClose_Front_Rollover@2x.png */,
				C5233BD71F7A566B00B32B16 /* AquaTabCloseDirty_Front.png */,
				C5233BD81F7A566B00B32B16 /* AquaTabCloseDirty_Front_Pressed.png */,
				C5233BD91F7A566B00B32B16 /* AquaTabCloseDirty_Front_Rollover.png */,
				C5233BDA1F7A566B00B32B16 /* AquaTabNew.png */,
				C5233BDB1F7A566B00B32B16 /* AquaTabNew@2x.png */,
				C5233BDC1F7A566B00B32B16 /* AquaTabNewPressed.png */,
				C5233BDD1F7A566B00B32B16 /* AquaTabNewPressed@2x.png */,
				C5233BDE1F7A566B00B32B16 /* AquaTabNewRollover.png */,
				C5233BDF1F7A566B00B32B16 /* AquaTabNewRollover@2x.png */,
				C5233BE01F7A566B00B32B16 /* AquaTabsBackground.png */,
				C5233BE11F7A566B00B32B16 /* AquaTabsDown.png */,
				C5233BE21F7A566B00B32B16 /* AquaTabsDownGraphite.png */,
				C5233BE31F7A566B00B32B16 /* AquaTabsDownNonKey.png */,
				C5233BE41F7A566B00B32B16 /* AquaTabsSeparator.png */,
				C5233BE51F7A566B00B32B16 /* AquaTabsSeparatorDown.png */,
				C5233BE61F7A566B00B32B16 /* overflowImage.png */,
				C5233BE71F7A566B00B32B16 /* overflowImage@2x.png */,
				C5233BE81F7A566B00B32B16 /* overflowImagePressed.png */,
				C5233BE91F7A566B00B32B16 /* overflowImagePressed@2x.png */,
				C5233BEA1F7A566B00B32B16 /* pi.png */,
				C5233BEB1F7A566B00B32B16 /* TabClose_Dirty.png */,
				C5233BEC1F7A566B00B32B16 /* TabClose_Dirty@2x.png */,
				C5233BED1F7A566B00B32B16 /* TabClose_Dirty_Pressed.png */,
				C5233BEE1F7A566B00B32B16 /* TabClose_Dirty_Pressed@2x.png */,
				C5233BEF1F7A566B00B32B16 /* TabClose_Dirty_Rollover.png */,
				C5233BF01F7A566B00B32B16 /* TabClose_Dirty_Rollover@2x.png */,
				C5233BF11F7A566B00B32B16 /* TabClose_Front.png */,
				C5233BF21F7A566B00B32B16 /* TabClose_Front@2x.png */,
				C5233BF31F7A566B00B32B16 /* TabClose_Front_Pressed.png */,
				C5233BF41F7A566B00B32B16 /* TabClose_Front_Pressed@2x.png */,
				C5233BF51F7A566B00B32B16 /* TabClose_Front_Rollover.png */,
				C5233BF61F7A566B00B32B16 /* TabClose_Front_Rollover@2x.png */,
				C5233BF71F7A566B00B32B16 /* TabNewMetal.png */,
				C5233BF81F7A566B00B32B16 /* TabNewMetalPressed.png */,
				C5233BF91F7A566B00B32B16 /* TabNewMetalRollover.png */,
				C5233BFA1F7A566B00B32B16 /* YosemiteTabClose_Front.png */,
				C5233BFB1F7A566B00B32B16 /* YosemiteTabClose_Front@2x.png */,
				C5233BFC1F7A566B00B32B16 /* YosemiteTabClose_Front_Pressed.png */,
				C5233BFD1F7A566B00B32B16 /* YosemiteTabClose_Front_Pressed@2x.png */,
				C5233BFE1F7A566B00B32B16 /* YosemiteTabClose_Front_Rollover.png */,
				C5233BFF1F7A566B00B32B16 /* YosemiteTabClose_Front_Rollover@2x.png */,
				C5233C001F7A566B00B32B16 /* YosemiteTabNew.png */,
				C5233C011F7A566B00B32B16 /* YosemiteTabNew@2x.png */,
			);
			path = Images;
			sourceTree = "<group>";
		};
		C5233C341F7A566B00B32B16 /* Styles */ = {
			isa = PBXGroup;
			children = (
				C5233C351F7A566B00B32B16 /* MMAdiumTabStyle.h */,
				C5233C361F7A566B00B32B16 /* MMAdiumTabStyle.m */,
				C5233C371F7A566B00B32B16 /* MMAquaTabStyle.h */,
				C5233C381F7A566B00B32B16 /* MMAquaTabStyle.m */,
				C5233C391F7A566B00B32B16 /* MMCardTabStyle.h */,
				C5233C3A1F7A566B00B32B16 /* MMCardTabStyle.m */,
				C5233C3B1F7A566B00B32B16 /* MMLiveChatTabStyle.h */,
				C5233C3C1F7A566B00B32B16 /* MMLiveChatTabStyle.m */,
				C5233C3D1F7A566B00B32B16 /* MMMetalTabStyle.h */,
				C5233C3E1F7A566B00B32B16 /* MMMetalTabStyle.m */,
				C5233C3F1F7A566B00B32B16 /* MMUnifiedTabStyle.h */,
				C5233C401F7A566B00B32B16 /* MMUnifiedTabStyle.m */,
				C5233C411F7A566B00B32B16 /* MMYosemiteTabStyle.h */,
				C5233C421F7A566B00B32B16 /* MMYosemiteTabStyle.m */,
				C5233C431F7A566B00B32B16 /* Safari Tab Style */,
			);
			path = Styles;
			sourceTree = "<group>";
		};
		C5233C431F7A566B00B32B16 /* Safari Tab Style */ = {
			isa = PBXGroup;
			children = (
				C5233C441F7A566B00B32B16 /* Images */,
				C5233C761F7A566B00B32B16 /* MMSafariTabStyle.h */,
				C5233C771F7A566B00B32B16 /* MMSafariTabStyle.m */,
			);
			path = "Safari Tab Style";
			sourceTree = "<group>";
		};
		C5233C441F7A566B00B32B16 /* Images */ = {
			isa = PBXGroup;
			children = (
				C5233C451F7A566B00B32B16 /* SafariAWAddTabButton.png */,
				C5233C461F7A566B00B32B16 /* SafariAWAddTabButtonPushed.png */,
				C5233C471F7A566B00B32B16 /* SafariAWAddTabButtonRolloverPlus.png */,
				C5233C481F7A566B00B32B16 /* SafariAWATClose.png */,
				C5233C491F7A566B00B32B16 /* SafariAWATClose@2x.png */,
				C5233C4A1F7A566B00B32B16 /* SafariAWATClosePressed.png */,
				C5233C4B1F7A566B00B32B16 /* SafariAWATClosePressed@2x.png */,
				C5233C4C1F7A566B00B32B16 /* SafariAWATCloseRollover.png */,
				C5233C4D1F7A566B00B32B16 /* SafariAWATCloseRollover@2x.png */,
				C5233C4E1F7A566B00B32B16 /* SafariAWATFill.png */,
				C5233C4F1F7A566B00B32B16 /* SafariAWATFill@2x.png */,
				C5233C501F7A566B00B32B16 /* SafariAWATLeftCap.png */,
				C5233C511F7A566B00B32B16 /* SafariAWATLeftCap@2x.png */,
				C5233C521F7A566B00B32B16 /* SafariAWATRightCap.png */,
				C5233C531F7A566B00B32B16 /* SafariAWATRightCap@2x.png */,
				C5233C541F7A566B00B32B16 /* SafariAWBG.png */,
				C5233C551F7A566B00B32B16 /* SafariAWITClose.png */,
				C5233C561F7A566B00B32B16 /* SafariAWITClose@2x.png */,
				C5233C571F7A566B00B32B16 /* SafariAWITClosePressed.png */,
				C5233C581F7A566B00B32B16 /* SafariAWITClosePressed@2x.png */,
				C5233C591F7A566B00B32B16 /* SafariAWITCloseRollover.png */,
				C5233C5A1F7A566B00B32B16 /* SafariAWITCloseRollover@2x.png */,
				C5233C5B1F7A566B00B32B16 /* SafariAWITLeftCap.png */,
				C5233C5C1F7A566B00B32B16 /* SafariAWITLeftCap@2x.png */,
				C5233C5D1F7A566B00B32B16 /* SafariAWITRightCap.png */,
				C5233C5E1F7A566B00B32B16 /* SafariAWITRightCap@2x.png */,
				C5233C5F1F7A566B00B32B16 /* SafariIWAddTabButton.png */,
				C5233C601F7A566B00B32B16 /* SafariIWATClose.png */,
				C5233C611F7A566B00B32B16 /* SafariIWATClose@2x.png */,
				C5233C621F7A566B00B32B16 /* SafariIWATClosePressed.png */,
				C5233C631F7A566B00B32B16 /* SafariIWATClosePressed@2x.png */,
				C5233C641F7A566B00B32B16 /* SafariIWATCloseRollover.png */,
				C5233C651F7A566B00B32B16 /* SafariIWATCloseRollover@2x.png */,
				C5233C661F7A566B00B32B16 /* SafariIWATFill.png */,
				C5233C671F7A566B00B32B16 /* SafariIWATLeftCap.png */,
				C5233C681F7A566B00B32B16 /* SafariIWATLeftCap@2x.png */,
				C5233C691F7A566B00B32B16 /* SafariIWATRightCap.png */,
				C5233C6A1F7A566B00B32B16 /* SafariIWATRightCap@2x.png */,
				C5233C6B1F7A566B00B32B16 /* SafariIWBG.png */,
				C5233C6C1F7A566B00B32B16 /* SafariIWITClose.png */,
				C5233C6D1F7A566B00B32B16 /* SafariIWITClose@2x.png */,
				C5233C6E1F7A566B00B32B16 /* SafariIWITClosePressed.png */,
				C5233C6F1F7A566B00B32B16 /* SafariIWITClosePressed@2x.png */,
				C5233C701F7A566B00B32B16 /* SafariIWITCloseRollover.png */,
				C5233C711F7A566B00B32B16 /* SafariIWITCloseRollover@2x.png */,
				C5233C721F7A566B00B32B16 /* SafariIWITLeftCap.png */,
				C5233C731F7A566B00B32B16 /* SafariIWITLeftCap@2x.png */,
				C5233C741F7A566B00B32B16 /* SafariIWITRightCap.png */,
				C5233C751F7A566B00B32B16 /* SafariIWITRightCap@2x.png */,
			);
			path = Images;
			sourceTree = "<group>";
		};
		C54D57621FDA619C006DBF37 /* Cells */ = {
			isa = PBXGroup;
			children = (
				C54D57631FDA61E1006DBF37 /* QueryTableCellView.swift */,
			);
			name = Cells;
			sourceTree = "<group>";
		};
		C59FFCAD1F87DED500971FCB /* Frameworks */ = {
			isa = PBXGroup;
			children = (
				C54391932005A5B500F08511 /* Package.framework */,
				C59FFCAE1F87DED600971FCB /* QuartzCore.framework */,
			);
			name = Frameworks;
			sourceTree = "<group>";
		};
		C5D8B1DE1F5715DB00AE0E25 = {
			isa = PBXGroup;
			children = (
				C5D8B1E91F5715DB00AE0E25 /* Mongosquare */,
				C5D8B1E81F5715DB00AE0E25 /* Products */,
				C59FFCAD1F87DED500971FCB /* Frameworks */,
			);
			sourceTree = "<group>";
		};
		C5D8B1E81F5715DB00AE0E25 /* Products */ = {
			isa = PBXGroup;
			children = (
				C5D8B1E71F5715DB00AE0E25 /* Mongosquare.app */,
			);
			name = Products;
			sourceTree = "<group>";
		};
		C5D8B1E91F5715DB00AE0E25 /* Mongosquare */ = {
			isa = PBXGroup;
			children = (
				C54D57621FDA619C006DBF37 /* Cells */,
				FA62581C1FD2D3FD00A1BF26 /* Views */,
				FA6258191FD279CD00A1BF26 /* Models */,
				C5DD77A71F6FBF5600EB8523 /* Library */,
				C51E420A1F698E82009C8ED5 /* Extensions */,
				C5D8B1EA1F5715DB00AE0E25 /* AppDelegate.swift */,
				C5BF0A171F584DCC00C95EA8 /* OutlineViewController.swift */,
				C5BF0A181F584DCC00C95EA8 /* OutlineViewController.xib */,
				C5298EFB1F5BAA6800908D4C /* CollectionViewController.swift */,
				C5298EFC1F5BAA6800908D4C /* CollectionViewController.xib */,
				C5BF0A1F1F584F2E00C95EA8 /* CollectionOutlineViewController.swift */,
				C5BF0A201F584F2E00C95EA8 /* CollectionOutlineViewController.xib */,
				C5298EF71F5BA77A00908D4C /* CollectionTableViewController.swift */,
				C5298EF81F5BA77A00908D4C /* CollectionTableViewController.xib */,
				C5EDC9271F5DBDEE00C46F93 /* TabViewController.swift */,
				C5EDC9281F5DBDEE00C46F93 /* TabViewController.xib */,
				C5D8B1FB1F5716B500AE0E25 /* WindowController.swift */,
				C5D8B1FC1F5716B500AE0E25 /* WindowController.xib */,
				C59ED15F1F89C3FA00EA1F26 /* QueryWindowController.swift */,
				C59ED1601F89C3FA00EA1F26 /* QueryWindowController.xib */,
				C54D57651FDA6301006DBF37 /* QueryTableViewDataSource.swift */,
				FA0AA2F51FCDA20900DA765D /* ConnectionWindowController.swift */,
				FA0AA2F61FCDA20900DA765D /* ConnectionWindowController.xib */,
				C5D8B1EE1F5715DB00AE0E25 /* Assets.xcassets */,
				C5D8B1F31F5715DB00AE0E25 /* Info.plist */,
				C5D8B1F91F57163000AE0E25 /* MainMenu.xib */,
				C5233BCB1F7A529900B32B16 /* Mongosquare-Bridge-Header.h */,
			);
			path = Mongosquare;
			sourceTree = "<group>";
		};
		C5DD77A71F6FBF5600EB8523 /* Library */ = {
			isa = PBXGroup;
			children = (
				C5233BCC1F7A566B00B32B16 /* MMTabBarView */,
			);
			name = Library;
			sourceTree = "<group>";
		};
		FA6258191FD279CD00A1BF26 /* Models */ = {
			isa = PBXGroup;
			children = (
				FA62581A1FD283E300A1BF26 /* DBConnection.swift */,
			);
			name = Models;
			sourceTree = "<group>";
		};
		FA62581C1FD2D3FD00A1BF26 /* Views */ = {
			isa = PBXGroup;
			children = (
				FA62581F1FD2D43500A1BF26 /* InteractionView.swift */,
			);
			name = Views;
			sourceTree = "<group>";
		};
/* End PBXGroup section */

/* Begin PBXNativeTarget section */
		C5D8B1E61F5715DB00AE0E25 /* Mongosquare */ = {
			isa = PBXNativeTarget;
			buildConfigurationList = C5D8B1F61F5715DB00AE0E25 /* Build configuration list for PBXNativeTarget "Mongosquare" */;
			buildPhases = (
				C5D8B1E31F5715DB00AE0E25 /* Sources */,
				C5D8B1E41F5715DB00AE0E25 /* Frameworks */,
				C5D8B1E51F5715DB00AE0E25 /* Resources */,
				C5D8B35D1F57251900AE0E25 /* Embed Frameworks */,
				C5D3F1561F5D6D3600A0C7A7 /* CopyFiles */,
			);
			buildRules = (
			);
			dependencies = (
			);
			name = Mongosquare;
			productName = Mongosquare;
			productReference = C5D8B1E71F5715DB00AE0E25 /* Mongosquare.app */;
			productType = "com.apple.product-type.application";
		};
/* End PBXNativeTarget section */

/* Begin PBXProject section */
		C5D8B1DF1F5715DB00AE0E25 /* Project object */ = {
			isa = PBXProject;
			attributes = {
				LastSwiftUpdateCheck = 0830;
				LastUpgradeCheck = 0830;
				ORGANIZATIONNAME = 0hoo;
				TargetAttributes = {
					C5D8B1E61F5715DB00AE0E25 = {
						CreatedOnToolsVersion = 8.3.3;
						ProvisioningStyle = Automatic;
					};
				};
			};
			buildConfigurationList = C5D8B1E21F5715DB00AE0E25 /* Build configuration list for PBXProject "Mongosquare" */;
			compatibilityVersion = "Xcode 3.2";
			developmentRegion = English;
			hasScannedForEncodings = 0;
			knownRegions = (
				en,
				Base,
			);
			mainGroup = C5D8B1DE1F5715DB00AE0E25;
			productRefGroup = C5D8B1E81F5715DB00AE0E25 /* Products */;
			projectDirPath = "";
			projectRoot = "";
			targets = (
				C5D8B1E61F5715DB00AE0E25 /* Mongosquare */,
			);
		};
/* End PBXProject section */

/* Begin PBXResourcesBuildPhase section */
		C5D8B1E51F5715DB00AE0E25 /* Resources */ = {
			isa = PBXResourcesBuildPhase;
			buildActionMask = 2147483647;
			files = (
				C5233CC91F7A5A6200B32B16 /* SafariAWAddTabButton.png in Resources */,
				C5233CCA1F7A5A6200B32B16 /* SafariAWAddTabButtonPushed.png in Resources */,
				C5233CCB1F7A5A6200B32B16 /* SafariAWAddTabButtonRolloverPlus.png in Resources */,
				C5233CCC1F7A5A6200B32B16 /* SafariAWATClose.png in Resources */,
				C5233CCD1F7A5A6200B32B16 /* SafariAWATClose@2x.png in Resources */,
				C5233CCE1F7A5A6200B32B16 /* SafariAWATClosePressed.png in Resources */,
				C5233CCF1F7A5A6200B32B16 /* SafariAWATClosePressed@2x.png in Resources */,
				C5233CD01F7A5A6200B32B16 /* SafariAWATCloseRollover.png in Resources */,
				C5233CD11F7A5A6200B32B16 /* SafariAWATCloseRollover@2x.png in Resources */,
				C5233CD21F7A5A6200B32B16 /* SafariAWATFill.png in Resources */,
				C5233CD31F7A5A6200B32B16 /* SafariAWATFill@2x.png in Resources */,
				C5233CD41F7A5A6200B32B16 /* SafariAWATLeftCap.png in Resources */,
				C5233CD51F7A5A6200B32B16 /* SafariAWATLeftCap@2x.png in Resources */,
				C5233CD61F7A5A6200B32B16 /* SafariAWATRightCap.png in Resources */,
				C5233CD71F7A5A6200B32B16 /* SafariAWATRightCap@2x.png in Resources */,
				C5233CD81F7A5A6200B32B16 /* SafariAWBG.png in Resources */,
				C59ED1621F89C3FA00EA1F26 /* QueryWindowController.xib in Resources */,
				C5233CD91F7A5A6200B32B16 /* SafariAWITClose.png in Resources */,
				C5233CDA1F7A5A6200B32B16 /* SafariAWITClose@2x.png in Resources */,
				C5233CDB1F7A5A6200B32B16 /* SafariAWITClosePressed.png in Resources */,
				C5233CDC1F7A5A6200B32B16 /* SafariAWITClosePressed@2x.png in Resources */,
				C5233CDD1F7A5A6200B32B16 /* SafariAWITCloseRollover.png in Resources */,
				C5233CDE1F7A5A6200B32B16 /* SafariAWITCloseRollover@2x.png in Resources */,
				C5233CDF1F7A5A6200B32B16 /* SafariAWITLeftCap.png in Resources */,
				C5233CE01F7A5A6200B32B16 /* SafariAWITLeftCap@2x.png in Resources */,
				C5233CE11F7A5A6200B32B16 /* SafariAWITRightCap.png in Resources */,
				C5233CE21F7A5A6200B32B16 /* SafariAWITRightCap@2x.png in Resources */,
				C5233CE31F7A5A6200B32B16 /* SafariIWAddTabButton.png in Resources */,
				C5233CE41F7A5A6200B32B16 /* SafariIWATClose.png in Resources */,
				C5233CE51F7A5A6200B32B16 /* SafariIWATClose@2x.png in Resources */,
				C5233CE61F7A5A6200B32B16 /* SafariIWATClosePressed.png in Resources */,
				C5233CE71F7A5A6200B32B16 /* SafariIWATClosePressed@2x.png in Resources */,
				C5233CE81F7A5A6200B32B16 /* SafariIWATCloseRollover.png in Resources */,
				C5233CE91F7A5A6200B32B16 /* SafariIWATCloseRollover@2x.png in Resources */,
				C5233CEA1F7A5A6200B32B16 /* SafariIWATFill.png in Resources */,
				C5233CEB1F7A5A6200B32B16 /* SafariIWATLeftCap.png in Resources */,
				C5233CEC1F7A5A6200B32B16 /* SafariIWATLeftCap@2x.png in Resources */,
				C5233CED1F7A5A6200B32B16 /* SafariIWATRightCap.png in Resources */,
				C5233CEE1F7A5A6200B32B16 /* SafariIWATRightCap@2x.png in Resources */,
				C5233CEF1F7A5A6200B32B16 /* SafariIWBG.png in Resources */,
				C5233CF01F7A5A6200B32B16 /* SafariIWITClose.png in Resources */,
				C5233CF11F7A5A6200B32B16 /* SafariIWITClose@2x.png in Resources */,
				C5233CF21F7A5A6200B32B16 /* SafariIWITClosePressed.png in Resources */,
				C5233CF31F7A5A6200B32B16 /* SafariIWITClosePressed@2x.png in Resources */,
				C5233CF41F7A5A6200B32B16 /* SafariIWITCloseRollover.png in Resources */,
				C5233CF51F7A5A6200B32B16 /* SafariIWITCloseRollover@2x.png in Resources */,
				C5233CF61F7A5A6200B32B16 /* SafariIWITLeftCap.png in Resources */,
				C5233CF71F7A5A6200B32B16 /* SafariIWITLeftCap@2x.png in Resources */,
				C5233CF81F7A5A6200B32B16 /* SafariIWITRightCap.png in Resources */,
				C5233CF91F7A5A6200B32B16 /* SafariIWITRightCap@2x.png in Resources */,
				C5233C971F7A5A1500B32B16 /* AdiumGradient.png in Resources */,
				C5233C981F7A5A1500B32B16 /* AquaTabClose_Front.png in Resources */,
				C5233C991F7A5A1500B32B16 /* AquaTabClose_Front@2x.png in Resources */,
				C5233C9A1F7A5A1500B32B16 /* AquaTabClose_Front_Pressed.png in Resources */,
				C5233C9B1F7A5A1500B32B16 /* AquaTabClose_Front_Pressed@2x.png in Resources */,
				C5233C9C1F7A5A1500B32B16 /* AquaTabClose_Front_Rollover.png in Resources */,
				C5233C9D1F7A5A1500B32B16 /* AquaTabClose_Front_Rollover@2x.png in Resources */,
				C5233C9E1F7A5A1500B32B16 /* AquaTabCloseDirty_Front.png in Resources */,
				C5233C9F1F7A5A1500B32B16 /* AquaTabCloseDirty_Front_Pressed.png in Resources */,
				C5233CA01F7A5A1500B32B16 /* AquaTabCloseDirty_Front_Rollover.png in Resources */,
				C5233CA11F7A5A1500B32B16 /* AquaTabNew.png in Resources */,
				C5233CA21F7A5A1500B32B16 /* AquaTabNew@2x.png in Resources */,
				C5233CA31F7A5A1500B32B16 /* AquaTabNewPressed.png in Resources */,
				FA0AA2F81FCDA20900DA765D /* ConnectionWindowController.xib in Resources */,
				C5233CA41F7A5A1500B32B16 /* AquaTabNewPressed@2x.png in Resources */,
				C5233CA51F7A5A1500B32B16 /* AquaTabNewRollover.png in Resources */,
				C5233CA61F7A5A1500B32B16 /* AquaTabNewRollover@2x.png in Resources */,
				C5233CA71F7A5A1500B32B16 /* AquaTabsBackground.png in Resources */,
				C5233CA81F7A5A1500B32B16 /* AquaTabsDown.png in Resources */,
				C5233CA91F7A5A1500B32B16 /* AquaTabsDownGraphite.png in Resources */,
				C5233CAA1F7A5A1500B32B16 /* AquaTabsDownNonKey.png in Resources */,
				C5233CAB1F7A5A1500B32B16 /* AquaTabsSeparator.png in Resources */,
				C5233CAC1F7A5A1500B32B16 /* AquaTabsSeparatorDown.png in Resources */,
				C5233CAD1F7A5A1500B32B16 /* overflowImage.png in Resources */,
				C5233CAE1F7A5A1500B32B16 /* overflowImage@2x.png in Resources */,
				C5233CAF1F7A5A1500B32B16 /* overflowImagePressed.png in Resources */,
				C5233CB01F7A5A1500B32B16 /* overflowImagePressed@2x.png in Resources */,
				C5233CB11F7A5A1500B32B16 /* pi.png in Resources */,
				C5233CB21F7A5A1500B32B16 /* TabClose_Dirty.png in Resources */,
				C5233CB31F7A5A1500B32B16 /* TabClose_Dirty@2x.png in Resources */,
				C5233CB41F7A5A1500B32B16 /* TabClose_Dirty_Pressed.png in Resources */,
				C5233CB51F7A5A1500B32B16 /* TabClose_Dirty_Pressed@2x.png in Resources */,
				C5233CB61F7A5A1500B32B16 /* TabClose_Dirty_Rollover.png in Resources */,
				C5233CB71F7A5A1500B32B16 /* TabClose_Dirty_Rollover@2x.png in Resources */,
				C5233CB81F7A5A1500B32B16 /* TabClose_Front.png in Resources */,
				C5233CB91F7A5A1500B32B16 /* TabClose_Front@2x.png in Resources */,
				C5233CBA1F7A5A1500B32B16 /* TabClose_Front_Pressed.png in Resources */,
				C5233CBB1F7A5A1500B32B16 /* TabClose_Front_Pressed@2x.png in Resources */,
				C5233CBC1F7A5A1500B32B16 /* TabClose_Front_Rollover.png in Resources */,
				C5233CBD1F7A5A1500B32B16 /* TabClose_Front_Rollover@2x.png in Resources */,
				C5233CBE1F7A5A1500B32B16 /* TabNewMetal.png in Resources */,
				C5233CBF1F7A5A1500B32B16 /* TabNewMetalPressed.png in Resources */,
				C5233CC01F7A5A1500B32B16 /* TabNewMetalRollover.png in Resources */,
				C5233CC11F7A5A1500B32B16 /* YosemiteTabClose_Front.png in Resources */,
				C5233CC21F7A5A1500B32B16 /* YosemiteTabClose_Front@2x.png in Resources */,
				C5233CC31F7A5A1500B32B16 /* YosemiteTabClose_Front_Pressed.png in Resources */,
				C5233CC41F7A5A1500B32B16 /* YosemiteTabClose_Front_Pressed@2x.png in Resources */,
				C5233CC51F7A5A1500B32B16 /* YosemiteTabClose_Front_Rollover.png in Resources */,
				C5233CC61F7A5A1500B32B16 /* YosemiteTabClose_Front_Rollover@2x.png in Resources */,
				C5233CC71F7A5A1500B32B16 /* YosemiteTabNew.png in Resources */,
				C5233CC81F7A5A1500B32B16 /* YosemiteTabNew@2x.png in Resources */,
				C5D8B1EF1F5715DB00AE0E25 /* Assets.xcassets in Resources */,
				C5298EFA1F5BA77A00908D4C /* CollectionTableViewController.xib in Resources */,
				C5298EFE1F5BAA6800908D4C /* CollectionViewController.xib in Resources */,
				C5BF0A221F584F2E00C95EA8 /* CollectionOutlineViewController.xib in Resources */,
				C5EDC92A1F5DBDEE00C46F93 /* TabViewController.xib in Resources */,
				C5BF0A1A1F584DCC00C95EA8 /* OutlineViewController.xib in Resources */,
				C5D8B1FE1F5716B500AE0E25 /* WindowController.xib in Resources */,
				C5D8B1FA1F57163000AE0E25 /* MainMenu.xib in Resources */,
			);
			runOnlyForDeploymentPostprocessing = 0;
		};
/* End PBXResourcesBuildPhase section */

/* Begin PBXSourcesBuildPhase section */
		C5D8B1E31F5715DB00AE0E25 /* Sources */ = {
			isa = PBXSourcesBuildPhase;
			buildActionMask = 2147483647;
			files = (
				C5233C781F7A56B400B32B16 /* MMAttachedTabBarButton.m in Sources */,
				C5233C791F7A56B400B32B16 /* MMAttachedTabBarButtonCell.m in Sources */,
				C5233C7A1F7A56B400B32B16 /* MMOverflowPopUpButton.m in Sources */,
				C5233C7B1F7A56B400B32B16 /* MMOverflowPopUpButtonCell.m in Sources */,
				C5233C7C1F7A56B400B32B16 /* MMProgressIndicator.m in Sources */,
				C5233C7D1F7A56B400B32B16 /* MMRolloverButton.m in Sources */,
				C5233C7E1F7A56B400B32B16 /* MMRolloverButtonCell.m in Sources */,
				C5233C7F1F7A56B400B32B16 /* MMSlideButtonsAnimation.m in Sources */,
				FA0AA2F71FCDA20900DA765D /* ConnectionWindowController.swift in Sources */,
				C5233C801F7A56B400B32B16 /* MMTabBarButton.m in Sources */,
				C5233C811F7A56B400B32B16 /* MMTabBarButtonCell.m in Sources */,
				C5233C821F7A56B400B32B16 /* MMTabBarController.m in Sources */,
				C5233C831F7A56B400B32B16 /* MMTabBarView.m in Sources */,
				C5233C841F7A56B400B32B16 /* MMTabDragAssistant.m in Sources */,
				C5233C851F7A56B400B32B16 /* MMTabDragView.m in Sources */,
				C5233C861F7A56B400B32B16 /* MMTabDragWindow.m in Sources */,
				C5233C871F7A56B400B32B16 /* MMTabDragWindowController.m in Sources */,
				C59ED1611F89C3FA00EA1F26 /* QueryWindowController.swift in Sources */,
				C5233C881F7A56B400B32B16 /* MMTabPasteboardItem.m in Sources */,
				C5233C891F7A56B400B32B16 /* NSAffineTransform+MMTabBarViewExtensions.m in Sources */,
				C5233C8A1F7A56B400B32B16 /* NSBezierPath+MMTabBarViewExtensions.m in Sources */,
				C5233C8B1F7A56B400B32B16 /* NSCell+MMTabBarViewExtensions.m in Sources */,
				C5233C8C1F7A56B400B32B16 /* NSString+MMTabBarViewExtensions.m in Sources */,
				C5233C8D1F7A56B400B32B16 /* NSTabViewItem+MMTabBarViewExtensions.m in Sources */,
				C5233C8E1F7A56B400B32B16 /* NSView+MMTabBarViewExtensions.m in Sources */,
				C54D57661FDA6301006DBF37 /* QueryTableViewDataSource.swift in Sources */,
				C5233C8F1F7A56B400B32B16 /* MMAdiumTabStyle.m in Sources */,
				C5233C901F7A56B400B32B16 /* MMAquaTabStyle.m in Sources */,
				C5233C911F7A56B400B32B16 /* MMCardTabStyle.m in Sources */,
				C5233C921F7A56B400B32B16 /* MMLiveChatTabStyle.m in Sources */,
				C5233C931F7A56B400B32B16 /* MMMetalTabStyle.m in Sources */,
				C5233C941F7A56B400B32B16 /* MMUnifiedTabStyle.m in Sources */,
				C5233C951F7A56B400B32B16 /* MMYosemiteTabStyle.m in Sources */,
				C5233C961F7A56B400B32B16 /* MMSafariTabStyle.m in Sources */,
				FA62581B1FD283E300A1BF26 /* DBConnection.swift in Sources */,
				C5EDC9291F5DBDEE00C46F93 /* TabViewController.swift in Sources */,
				C5298EF91F5BA77A00908D4C /* CollectionTableViewController.swift in Sources */,
				C54D57641FDA61E1006DBF37 /* QueryTableCellView.swift in Sources */,
				C5BF0A191F584DCC00C95EA8 /* OutlineViewController.swift in Sources */,
				C5D8B1FD1F5716B500AE0E25 /* WindowController.swift in Sources */,
				C51E420C1F698E9B009C8ED5 /* NSImage+Mongosquare.swift in Sources */,
				FA6258201FD2D43500A1BF26 /* InteractionView.swift in Sources */,
				C5298EFD1F5BAA6800908D4C /* CollectionViewController.swift in Sources */,
				C5D8B1EB1F5715DB00AE0E25 /* AppDelegate.swift in Sources */,
				C5BF0A211F584F2E00C95EA8 /* CollectionOutlineViewController.swift in Sources */,
			);
			runOnlyForDeploymentPostprocessing = 0;
		};
/* End PBXSourcesBuildPhase section */

/* Begin PBXVariantGroup section */
		C5233BCD1F7A566B00B32B16 /* InfoPlist.strings */ = {
			isa = PBXVariantGroup;
			children = (
				C5233BCE1F7A566B00B32B16 /* en */,
			);
			name = InfoPlist.strings;
			sourceTree = "<group>";
		};
/* End PBXVariantGroup section */

/* Begin XCBuildConfiguration section */
		C5D8B1F41F5715DB00AE0E25 /* Debug */ = {
			isa = XCBuildConfiguration;
			buildSettings = {
				ALWAYS_SEARCH_USER_PATHS = NO;
				CLANG_ANALYZER_NONNULL = YES;
				CLANG_ANALYZER_NUMBER_OBJECT_CONVERSION = YES_AGGRESSIVE;
				CLANG_CXX_LANGUAGE_STANDARD = "gnu++0x";
				CLANG_CXX_LIBRARY = "libc++";
				CLANG_ENABLE_MODULES = YES;
				CLANG_ENABLE_OBJC_ARC = YES;
				CLANG_WARN_BOOL_CONVERSION = YES;
				CLANG_WARN_CONSTANT_CONVERSION = YES;
				CLANG_WARN_DIRECT_OBJC_ISA_USAGE = YES_ERROR;
				CLANG_WARN_DOCUMENTATION_COMMENTS = YES;
				CLANG_WARN_EMPTY_BODY = YES;
				CLANG_WARN_ENUM_CONVERSION = YES;
				CLANG_WARN_INFINITE_RECURSION = YES;
				CLANG_WARN_INT_CONVERSION = YES;
				CLANG_WARN_OBJC_ROOT_CLASS = YES_ERROR;
				CLANG_WARN_SUSPICIOUS_MOVE = YES;
				CLANG_WARN_UNREACHABLE_CODE = YES;
				CLANG_WARN__DUPLICATE_METHOD_MATCH = YES;
				CODE_SIGN_IDENTITY = "-";
				COPY_PHASE_STRIP = NO;
				DEBUG_INFORMATION_FORMAT = dwarf;
				ENABLE_STRICT_OBJC_MSGSEND = YES;
				ENABLE_TESTABILITY = YES;
				GCC_C_LANGUAGE_STANDARD = gnu99;
				GCC_DYNAMIC_NO_PIC = NO;
				GCC_NO_COMMON_BLOCKS = YES;
				GCC_OPTIMIZATION_LEVEL = 0;
				GCC_PREPROCESSOR_DEFINITIONS = (
					"DEBUG=1",
					"$(inherited)",
				);
				GCC_WARN_64_TO_32_BIT_CONVERSION = YES;
				GCC_WARN_ABOUT_RETURN_TYPE = YES_ERROR;
				GCC_WARN_UNDECLARED_SELECTOR = YES;
				GCC_WARN_UNINITIALIZED_AUTOS = YES_AGGRESSIVE;
				GCC_WARN_UNUSED_FUNCTION = YES;
				GCC_WARN_UNUSED_VARIABLE = YES;
				MACOSX_DEPLOYMENT_TARGET = 10.12;
				MTL_ENABLE_DEBUG_INFO = YES;
				ONLY_ACTIVE_ARCH = YES;
				SDKROOT = macosx;
				SWIFT_ACTIVE_COMPILATION_CONDITIONS = DEBUG;
				SWIFT_OPTIMIZATION_LEVEL = "-Onone";
			};
			name = Debug;
		};
		C5D8B1F51F5715DB00AE0E25 /* Release */ = {
			isa = XCBuildConfiguration;
			buildSettings = {
				ALWAYS_SEARCH_USER_PATHS = NO;
				CLANG_ANALYZER_NONNULL = YES;
				CLANG_ANALYZER_NUMBER_OBJECT_CONVERSION = YES_AGGRESSIVE;
				CLANG_CXX_LANGUAGE_STANDARD = "gnu++0x";
				CLANG_CXX_LIBRARY = "libc++";
				CLANG_ENABLE_MODULES = YES;
				CLANG_ENABLE_OBJC_ARC = YES;
				CLANG_WARN_BOOL_CONVERSION = YES;
				CLANG_WARN_CONSTANT_CONVERSION = YES;
				CLANG_WARN_DIRECT_OBJC_ISA_USAGE = YES_ERROR;
				CLANG_WARN_DOCUMENTATION_COMMENTS = YES;
				CLANG_WARN_EMPTY_BODY = YES;
				CLANG_WARN_ENUM_CONVERSION = YES;
				CLANG_WARN_INFINITE_RECURSION = YES;
				CLANG_WARN_INT_CONVERSION = YES;
				CLANG_WARN_OBJC_ROOT_CLASS = YES_ERROR;
				CLANG_WARN_SUSPICIOUS_MOVE = YES;
				CLANG_WARN_UNREACHABLE_CODE = YES;
				CLANG_WARN__DUPLICATE_METHOD_MATCH = YES;
				CODE_SIGN_IDENTITY = "-";
				COPY_PHASE_STRIP = NO;
				DEBUG_INFORMATION_FORMAT = "dwarf-with-dsym";
				ENABLE_NS_ASSERTIONS = NO;
				ENABLE_STRICT_OBJC_MSGSEND = YES;
				GCC_C_LANGUAGE_STANDARD = gnu99;
				GCC_NO_COMMON_BLOCKS = YES;
				GCC_WARN_64_TO_32_BIT_CONVERSION = YES;
				GCC_WARN_ABOUT_RETURN_TYPE = YES_ERROR;
				GCC_WARN_UNDECLARED_SELECTOR = YES;
				GCC_WARN_UNINITIALIZED_AUTOS = YES_AGGRESSIVE;
				GCC_WARN_UNUSED_FUNCTION = YES;
				GCC_WARN_UNUSED_VARIABLE = YES;
				MACOSX_DEPLOYMENT_TARGET = 10.12;
				MTL_ENABLE_DEBUG_INFO = NO;
				SDKROOT = macosx;
				SWIFT_OPTIMIZATION_LEVEL = "-Owholemodule";
			};
			name = Release;
		};
		C5D8B1F71F5715DB00AE0E25 /* Debug */ = {
			isa = XCBuildConfiguration;
			buildSettings = {
				ASSETCATALOG_COMPILER_APPICON_NAME = AppIcon;
				COMBINE_HIDPI_IMAGES = YES;
				FRAMEWORK_SEARCH_PATHS = "$(inherited)";
				INFOPLIST_FILE = Mongosquare/Info.plist;
				LD_RUNPATH_SEARCH_PATHS = "$(inherited) @executable_path/../Frameworks";
				MACOSX_DEPLOYMENT_TARGET = 10.13;
				PRODUCT_BUNDLE_IDENTIFIER = com.0hoo.Mongosquare;
				PRODUCT_NAME = "$(TARGET_NAME)";
				SWIFT_OBJC_BRIDGING_HEADER = "Mongosquare/Mongosquare-Bridge-Header.h";
				SWIFT_VERSION = 3.0;
			};
			name = Debug;
		};
		C5D8B1F81F5715DB00AE0E25 /* Release */ = {
			isa = XCBuildConfiguration;
			buildSettings = {
				ASSETCATALOG_COMPILER_APPICON_NAME = AppIcon;
				COMBINE_HIDPI_IMAGES = YES;
				FRAMEWORK_SEARCH_PATHS = "$(inherited)";
				INFOPLIST_FILE = Mongosquare/Info.plist;
				LD_RUNPATH_SEARCH_PATHS = "$(inherited) @executable_path/../Frameworks";
				MACOSX_DEPLOYMENT_TARGET = 10.13;
				PRODUCT_BUNDLE_IDENTIFIER = com.0hoo.Mongosquare;
				PRODUCT_NAME = "$(TARGET_NAME)";
				SWIFT_OBJC_BRIDGING_HEADER = "Mongosquare/Mongosquare-Bridge-Header.h";
				SWIFT_VERSION = 3.0;
			};
			name = Release;
		};
/* End XCBuildConfiguration section */

/* Begin XCConfigurationList section */
		C5D8B1E21F5715DB00AE0E25 /* Build configuration list for PBXProject "Mongosquare" */ = {
			isa = XCConfigurationList;
			buildConfigurations = (
				C5D8B1F41F5715DB00AE0E25 /* Debug */,
				C5D8B1F51F5715DB00AE0E25 /* Release */,
			);
			defaultConfigurationIsVisible = 0;
			defaultConfigurationName = Release;
		};
		C5D8B1F61F5715DB00AE0E25 /* Build configuration list for PBXNativeTarget "Mongosquare" */ = {
			isa = XCConfigurationList;
			buildConfigurations = (
				C5D8B1F71F5715DB00AE0E25 /* Debug */,
				C5D8B1F81F5715DB00AE0E25 /* Release */,
			);
			defaultConfigurationIsVisible = 0;
			defaultConfigurationName = Release;
		};
/* End XCConfigurationList section */
	};
	rootObject = C5D8B1DF1F5715DB00AE0E25 /* Project object */;
}
