{
  "object": {
    "pins": [
      {
        "package": "BSON",
        "repositoryURL": "https://github.com/idiel/BSON.git",
        "state": {
          "branch": "7206cc7",
          "revision": "7206cc7e8326e4d05e4872b5b018892e1eb4df18",
          "version": null
        }
      },
      {
        "package": "Cheetah",
        "repositoryURL": "https://github.com/OpenKitten/Cheetah.git",
        "state": {
          "branch": null,
          "revision": "801f4fa278670719bec074b708241878ad5fb25e",
          "version": "2.0.2"
        }
      },
      {
        "package": "CryptoKitten",
        "repositoryURL": "https://github.com/idiel/CryptoKitten.git",
        "state": {
          "branch": "5f65d65",
          "revision": "5f65d657d7a8dd1e185bd5db4dbd4ebd49822304",
          "version": null
        }
      },
      {
        "package": "MongoKitten",
        "repositoryURL": "https://github.com/idiel/MongoKitten.git",
        "state": {
          "branch": "ac5aa7e",
          "revision": "ac5aa7ef8c1fe45f80e784d541f8a9225809277a",
          "version": null
        }
      },
      {
        "package": "Schrodinger",
        "repositoryURL": "https://github.com/OpenKitten/Schrodinger.git",
        "state": {
          "branch": null,
          "revision": "d7030fe0a4a6eeddc02044650a8b409a4f57365a",
          "version": "1.0.1"
        }
      }
    ]
  },
  "version": 1
}
